// !$*UTF8*$!
{
	archiveVersion = 1;
	classes = {
	};
	objectVersion = 46;
	objects = {

/* Begin PBXBuildFile section */
		37018A0C1F4270CD00125B55 /* StreetParkingVC.m in Sources */ = {isa = PBXBuildFile; fileRef = 37018A0B1F4270CD00125B55 /* StreetParkingVC.m */; };
		37175B141F38D0D400D6E535 /* BillingDetailVC.m in Sources */ = {isa = PBXBuildFile; fileRef = 37175B131F38D0D400D6E535 /* BillingDetailVC.m */; };
		37175B191F38D13900D6E535 /* ParkInVC.m in Sources */ = {isa = PBXBuildFile; fileRef = 37175B181F38D13900D6E535 /* ParkInVC.m */; };
		37175B1F1F38D1DB00D6E535 /* ForgotPasswordVC.m in Sources */ = {isa = PBXBuildFile; fileRef = 37175B1E1F38D1DB00D6E535 /* ForgotPasswordVC.m */; };
		37175B231F38D24100D6E535 /* BidderVC.m in Sources */ = {isa = PBXBuildFile; fileRef = 37175B221F38D24100D6E535 /* BidderVC.m */; };
		37175B271F38D26400D6E535 /* BidVC.m in Sources */ = {isa = PBXBuildFile; fileRef = 37175B261F38D26400D6E535 /* BidVC.m */; };
		37175B2D1F38E37800D6E535 /* BidderCell.m in Sources */ = {isa = PBXBuildFile; fileRef = 37175B2C1F38E37800D6E535 /* BidderCell.m */; };
		37175B2F1F38EA3900D6E535 /* menu-icon.png in Resources */ = {isa = PBXBuildFile; fileRef = 37175B2E1F38EA3900D6E535 /* menu-icon.png */; };
		371772851F403243001DC1D7 /* CarMakeCell.m in Sources */ = {isa = PBXBuildFile; fileRef = 371772841F403243001DC1D7 /* CarMakeCell.m */; };
		371772891F406836001DC1D7 /* CustomAnnotation.m in Sources */ = {isa = PBXBuildFile; fileRef = 371772881F406836001DC1D7 /* CustomAnnotation.m */; };
		3717728C1F4070D2001DC1D7 /* PointAnnotation.m in Sources */ = {isa = PBXBuildFile; fileRef = 3717728B1F4070D2001DC1D7 /* PointAnnotation.m */; };
		3717728E1F407312001DC1D7 /* map-marker.png in Resources */ = {isa = PBXBuildFile; fileRef = 3717728D1F407312001DC1D7 /* map-marker.png */; };
		371FE25C1F4A155E00AC4680 /* EditProfileVC.m in Sources */ = {isa = PBXBuildFile; fileRef = 371FE25B1F4A155E00AC4680 /* EditProfileVC.m */; };
		373B29241F4F6773002C02B0 /* AgreementVC.m in Sources */ = {isa = PBXBuildFile; fileRef = 373B29231F4F6773002C02B0 /* AgreementVC.m */; };
		373B29271F4F6799002C02B0 /* ConfirmationVC.m in Sources */ = {isa = PBXBuildFile; fileRef = 373B29261F4F6799002C02B0 /* ConfirmationVC.m */; };
		378AE4481F3890A30037EE8B /* star.png in Resources */ = {isa = PBXBuildFile; fileRef = 378AE4471F3890A30037EE8B /* star.png */; };
		378AE44A1F3891260037EE8B /* man.png in Resources */ = {isa = PBXBuildFile; fileRef = 378AE4491F3891260037EE8B /* man.png */; };
		378AE44C1F3891770037EE8B /* parking.jpg in Resources */ = {isa = PBXBuildFile; fileRef = 378AE44B1F3891770037EE8B /* parking.jpg */; };
		378AE44E1F38A61C0037EE8B /* pencil.png in Resources */ = {isa = PBXBuildFile; fileRef = 378AE44D1F38A61C0037EE8B /* pencil.png */; };
		378AE4511F38A7CA0037EE8B /* VehicalDetail.m in Sources */ = {isa = PBXBuildFile; fileRef = 378AE4501F38A7CA0037EE8B /* VehicalDetail.m */; };
		378AE4561F38A8540037EE8B /* PaymentVC.m in Sources */ = {isa = PBXBuildFile; fileRef = 378AE4551F38A8540037EE8B /* PaymentVC.m */; };
		378BF9B71F4C07F400A32638 /* GoogleMapVC.m in Sources */ = {isa = PBXBuildFile; fileRef = 378BF9B61F4C07F400A32638 /* GoogleMapVC.m */; };
		379B83341F42BC90001D1A2C /* box.png in Resources */ = {isa = PBXBuildFile; fileRef = 379B83321F42BC90001D1A2C /* box.png */; };
		379B83361F42BCFE001D1A2C /* tick.png in Resources */ = {isa = PBXBuildFile; fileRef = 379B83351F42BCFE001D1A2C /* tick.png */; };
		379B833A1F42C458001D1A2C /* MyProfileVC.m in Sources */ = {isa = PBXBuildFile; fileRef = 379B83391F42C458001D1A2C /* MyProfileVC.m */; };
		379B833E1F42D74F001D1A2C /* MyProfileCell.m in Sources */ = {isa = PBXBuildFile; fileRef = 379B833D1F42D74F001D1A2C /* MyProfileCell.m */; };
		37AC9D771F43EB7800751851 /* RSVP terms-conditions-pdf-english.pdf in Resources */ = {isa = PBXBuildFile; fileRef = 37AC9D761F43EB7800751851 /* RSVP terms-conditions-pdf-english.pdf */; };
		37AC9D7B1F442A0500751851 /* MyDrivewayListcell.m in Sources */ = {isa = PBXBuildFile; fileRef = 37AC9D7A1F442A0500751851 /* MyDrivewayListcell.m */; };
		37AC9D7F1F442AD700751851 /* MyDrivewayList.m in Sources */ = {isa = PBXBuildFile; fileRef = 37AC9D7E1F442AD700751851 /* MyDrivewayList.m */; };
		37AEFF811F4B1A9C00DD77C6 /* Privacy-Policy-pdf-english.pdf in Resources */ = {isa = PBXBuildFile; fileRef = 37AEFF801F4B1A9C00DD77C6 /* Privacy-Policy-pdf-english.pdf */; };
		37B3E2271F50217A0092F778 /* AnetEMVSdk.framework in Frameworks */ = {isa = PBXBuildFile; fileRef = 37B3E2261F50217A0092F778 /* AnetEMVSdk.framework */; };
		37DD5A8B1F46BB3E0095F7E8 /* ScheduleCell.m in Sources */ = {isa = PBXBuildFile; fileRef = 37DD5A8A1F46BB3E0095F7E8 /* ScheduleCell.m */; };
		37DD5A8F1F46BBFB0095F7E8 /* ScheduleVC.m in Sources */ = {isa = PBXBuildFile; fileRef = 37DD5A8E1F46BBFB0095F7E8 /* ScheduleVC.m */; };
		37E0710C1F3B990900AB23F5 /* DriveWayInfoVC.m in Sources */ = {isa = PBXBuildFile; fileRef = 37E0710B1F3B990900AB23F5 /* DriveWayInfoVC.m */; };
		37FE719D1F4E014D0069729D /* blackmarker.png in Resources */ = {isa = PBXBuildFile; fileRef = 37FE719B1F4E014D0069729D /* blackmarker.png */; };
		37FE719E1F4E014D0069729D /* bluemarker.png in Resources */ = {isa = PBXBuildFile; fileRef = 37FE719C1F4E014D0069729D /* bluemarker.png */; };
		811194324B1360A17F1118F1 /* libPods-RSVP.a in Frameworks */ = {isa = PBXBuildFile; fileRef = 4143DBFD729961195176AC80 /* libPods-RSVP.a */; };
		CA75DEA7A35903638E25D308 /* libPods-RSVPUITests.a in Frameworks */ = {isa = PBXBuildFile; fileRef = 9C9BF648DD3BEAB4DDAE52F7 /* libPods-RSVPUITests.a */; };
		F3E85453C9B0CDAD0155734C /* libPods-RSVPTests.a in Frameworks */ = {isa = PBXBuildFile; fileRef = D20DE84D11D6086D76312FA6 /* libPods-RSVPTests.a */; };
		FC3EF4311F2BB89F008D3BFD /* main.m in Sources */ = {isa = PBXBuildFile; fileRef = FC3EF4301F2BB89F008D3BFD /* main.m */; };
		FC3EF4341F2BB89F008D3BFD /* AppDelegate.m in Sources */ = {isa = PBXBuildFile; fileRef = FC3EF4331F2BB89F008D3BFD /* AppDelegate.m */; };
		FC3EF43A1F2BB89F008D3BFD /* Main.storyboard in Resources */ = {isa = PBXBuildFile; fileRef = FC3EF4381F2BB89F008D3BFD /* Main.storyboard */; };
		FC3EF43C1F2BB89F008D3BFD /* Assets.xcassets in Resources */ = {isa = PBXBuildFile; fileRef = FC3EF43B1F2BB89F008D3BFD /* Assets.xcassets */; };
		FC3EF43F1F2BB89F008D3BFD /* LaunchScreen.storyboard in Resources */ = {isa = PBXBuildFile; fileRef = FC3EF43D1F2BB89F008D3BFD /* LaunchScreen.storyboard */; };
		FC3EF44A1F2BB89F008D3BFD /* RSVPTests.m in Sources */ = {isa = PBXBuildFile; fileRef = FC3EF4491F2BB89F008D3BFD /* RSVPTests.m */; };
		FC3EF4551F2BB89F008D3BFD /* RSVPUITests.m in Sources */ = {isa = PBXBuildFile; fileRef = FC3EF4541F2BB89F008D3BFD /* RSVPUITests.m */; };
		FC3EF46F1F2BBC45008D3BFD /* iCarousel.m in Sources */ = {isa = PBXBuildFile; fileRef = FC3EF4671F2BBC45008D3BFD /* iCarousel.m */; };
		FC3EF4701F2BBC45008D3BFD /* UIImage+animatedGIF.m in Sources */ = {isa = PBXBuildFile; fileRef = FC3EF46C1F2BBC45008D3BFD /* UIImage+animatedGIF.m */; };
		FC3EF4711F2BBC45008D3BFD /* Utils.m in Sources */ = {isa = PBXBuildFile; fileRef = FC3EF46E1F2BBC45008D3BFD /* Utils.m */; };
		FC3EF4731F2BBE34008D3BFD /* img1.jpg in Resources */ = {isa = PBXBuildFile; fileRef = FC3EF4721F2BBE34008D3BFD /* img1.jpg */; };
		FC3EF47A1F2BC785008D3BFD /* 29ltbukrabold.otf in Resources */ = {isa = PBXBuildFile; fileRef = FC3EF4761F2BC785008D3BFD /* 29ltbukrabold.otf */; };
		FC3EF47B1F2BC785008D3BFD /* 29ltbukrabolditalic.otf in Resources */ = {isa = PBXBuildFile; fileRef = FC3EF4771F2BC785008D3BFD /* 29ltbukrabolditalic.otf */; };
		FC3EF47C1F2BC785008D3BFD /* 29ltbukralight.otf in Resources */ = {isa = PBXBuildFile; fileRef = FC3EF4781F2BC785008D3BFD /* 29ltbukralight.otf */; };
		FC3EF47D1F2BC785008D3BFD /* 29ltbukraregular.otf in Resources */ = {isa = PBXBuildFile; fileRef = FC3EF4791F2BC785008D3BFD /* 29ltbukraregular.otf */; };
		FC3EF47F1F2BC903008D3BFD /* login.png in Resources */ = {isa = PBXBuildFile; fileRef = FC3EF47E1F2BC903008D3BFD /* login.png */; };
		FC3EF4821F2BCB2B008D3BFD /* img2.png in Resources */ = {isa = PBXBuildFile; fileRef = FC3EF4801F2BCB2B008D3BFD /* img2.png */; };
		FC3EF4831F2BCB2B008D3BFD /* signUp.png in Resources */ = {isa = PBXBuildFile; fileRef = FC3EF4811F2BCB2B008D3BFD /* signUp.png */; };
		FC3EF4871F2BD01C008D3BFD /* SideMenuViewController.m in Sources */ = {isa = PBXBuildFile; fileRef = FC3EF4861F2BD01C008D3BFD /* SideMenuViewController.m */; };
		FC3EF48B1F2BD0C5008D3BFD /* LoginViewController.m in Sources */ = {isa = PBXBuildFile; fileRef = FC3EF48A1F2BD0C5008D3BFD /* LoginViewController.m */; };
		FC3EF48F1F2BD126008D3BFD /* SignUpViewController.m in Sources */ = {isa = PBXBuildFile; fileRef = FC3EF48E1F2BD126008D3BFD /* SignUpViewController.m */; };
		FC3EF4931F2BD169008D3BFD /* MapViewController.m in Sources */ = {isa = PBXBuildFile; fileRef = FC3EF4921F2BD169008D3BFD /* MapViewController.m */; };
		FC3EF4971F2BD270008D3BFD /* DEMORootViewController.m in Sources */ = {isa = PBXBuildFile; fileRef = FC3EF4961F2BD270008D3BFD /* DEMORootViewController.m */; };
		FC3EF4991F2BD41B008D3BFD /* MapKit.framework in Frameworks */ = {isa = PBXBuildFile; fileRef = FC3EF4981F2BD41B008D3BFD /* MapKit.framework */; };
		FC3EF49B1F2BD4EB008D3BFD /* menuBtn.png in Resources */ = {isa = PBXBuildFile; fileRef = FC3EF49A1F2BD4EB008D3BFD /* menuBtn.png */; };
		FC3EF49F1F2BDC08008D3BFD /* SideMenuTableViewCell.m in Sources */ = {isa = PBXBuildFile; fileRef = FC3EF49E1F2BDC08008D3BFD /* SideMenuTableViewCell.m */; };
		FC3EF4A31F2BDDF1008D3BFD /* HomeViewController.m in Sources */ = {isa = PBXBuildFile; fileRef = FC3EF4A21F2BDDF1008D3BFD /* HomeViewController.m */; };
		FC3EF4A51F2BE723008D3BFD /* iconBack.png in Resources */ = {isa = PBXBuildFile; fileRef = FC3EF4A41F2BE723008D3BFD /* iconBack.png */; };
		FC3EF4A81F2BF1A7008D3BFD /* pass.png in Resources */ = {isa = PBXBuildFile; fileRef = FC3EF4A61F2BF1A7008D3BFD /* pass.png */; };
		FC3EF4A91F2BF1A7008D3BFD /* user.png in Resources */ = {isa = PBXBuildFile; fileRef = FC3EF4A71F2BF1A7008D3BFD /* user.png */; };
		FC3EF4AB1F2BF34B008D3BFD /* Msg.png in Resources */ = {isa = PBXBuildFile; fileRef = FC3EF4AA1F2BF34B008D3BFD /* Msg.png */; };
		FCAE95C41F4DE746006936BA /* MLPAutoCompleteTextField.m in Sources */ = {isa = PBXBuildFile; fileRef = FCAE95B81F4DE746006936BA /* MLPAutoCompleteTextField.m */; };
		FCAE95C51F4DE746006936BA /* NSString+Levenshtein.m in Sources */ = {isa = PBXBuildFile; fileRef = FCAE95BD1F4DE746006936BA /* NSString+Levenshtein.m */; };
		FCAE95C61F4DE746006936BA /* MVPlaceSearchTextField.m in Sources */ = {isa = PBXBuildFile; fileRef = FCAE95BF1F4DE746006936BA /* MVPlaceSearchTextField.m */; };
		FCAE95C71F4DE746006936BA /* PlaceDetail.m in Sources */ = {isa = PBXBuildFile; fileRef = FCAE95C11F4DE746006936BA /* PlaceDetail.m */; };
		FCAE95C81F4DE746006936BA /* PlaceObject.m in Sources */ = {isa = PBXBuildFile; fileRef = FCAE95C31F4DE746006936BA /* PlaceObject.m */; };
/* End PBXBuildFile section */

/* Begin PBXContainerItemProxy section */
		FC3EF4461F2BB89F008D3BFD /* PBXContainerItemProxy */ = {
			isa = PBXContainerItemProxy;
			containerPortal = FC3EF4241F2BB89F008D3BFD /* Project object */;
			proxyType = 1;
			remoteGlobalIDString = FC3EF42B1F2BB89F008D3BFD;
			remoteInfo = RSVP;
		};
		FC3EF4511F2BB89F008D3BFD /* PBXContainerItemProxy */ = {
			isa = PBXContainerItemProxy;
			containerPortal = FC3EF4241F2BB89F008D3BFD /* Project object */;
			proxyType = 1;
			remoteGlobalIDString = FC3EF42B1F2BB89F008D3BFD;
			remoteInfo = RSVP;
		};
/* End PBXContainerItemProxy section */

/* Begin PBXFileReference section */
		2548B349A7D5F75AF0604679 /* Pods-RSVP.debug.xcconfig */ = {isa = PBXFileReference; includeInIndex = 1; lastKnownFileType = text.xcconfig; name = "Pods-RSVP.debug.xcconfig"; path = "Pods/Target Support Files/Pods-RSVP/Pods-RSVP.debug.xcconfig"; sourceTree = "<group>"; };
		37018A0A1F4270CD00125B55 /* StreetParkingVC.h */ = {isa = PBXFileReference; fileEncoding = 4; lastKnownFileType = sourcecode.c.h; name = StreetParkingVC.h; path = StreetParkingVC/StreetParkingVC.h; sourceTree = "<group>"; };
		37018A0B1F4270CD00125B55 /* StreetParkingVC.m */ = {isa = PBXFileReference; fileEncoding = 4; lastKnownFileType = sourcecode.c.objc; name = StreetParkingVC.m; path = StreetParkingVC/StreetParkingVC.m; sourceTree = "<group>"; };
		37175B121F38D0D400D6E535 /* BillingDetailVC.h */ = {isa = PBXFileReference; fileEncoding = 4; lastKnownFileType = sourcecode.c.h; name = BillingDetailVC.h; path = BillingDetailVC/BillingDetailVC.h; sourceTree = "<group>"; };
		37175B131F38D0D400D6E535 /* BillingDetailVC.m */ = {isa = PBXFileReference; fileEncoding = 4; lastKnownFileType = sourcecode.c.objc; name = BillingDetailVC.m; path = BillingDetailVC/BillingDetailVC.m; sourceTree = "<group>"; };
		37175B171F38D13900D6E535 /* ParkInVC.h */ = {isa = PBXFileReference; fileEncoding = 4; lastKnownFileType = sourcecode.c.h; name = ParkInVC.h; path = ParkInVC/ParkInVC.h; sourceTree = "<group>"; };
		37175B181F38D13900D6E535 /* ParkInVC.m */ = {isa = PBXFileReference; fileEncoding = 4; lastKnownFileType = sourcecode.c.objc; name = ParkInVC.m; path = ParkInVC/ParkInVC.m; sourceTree = "<group>"; };
		37175B1D1F38D1DB00D6E535 /* ForgotPasswordVC.h */ = {isa = PBXFileReference; fileEncoding = 4; lastKnownFileType = sourcecode.c.h; name = ForgotPasswordVC.h; path = ForgotPasswordVC/ForgotPasswordVC.h; sourceTree = "<group>"; };
		37175B1E1F38D1DB00D6E535 /* ForgotPasswordVC.m */ = {isa = PBXFileReference; fileEncoding = 4; lastKnownFileType = sourcecode.c.objc; name = ForgotPasswordVC.m; path = ForgotPasswordVC/ForgotPasswordVC.m; sourceTree = "<group>"; };
		37175B211F38D24100D6E535 /* BidderVC.h */ = {isa = PBXFileReference; fileEncoding = 4; lastKnownFileType = sourcecode.c.h; name = BidderVC.h; path = BidderVC/BidderVC.h; sourceTree = "<group>"; };
		37175B221F38D24100D6E535 /* BidderVC.m */ = {isa = PBXFileReference; fileEncoding = 4; lastKnownFileType = sourcecode.c.objc; name = BidderVC.m; path = BidderVC/BidderVC.m; sourceTree = "<group>"; };
		37175B251F38D26400D6E535 /* BidVC.h */ = {isa = PBXFileReference; fileEncoding = 4; lastKnownFileType = sourcecode.c.h; name = BidVC.h; path = BidVC/BidVC.h; sourceTree = "<group>"; };
		37175B261F38D26400D6E535 /* BidVC.m */ = {isa = PBXFileReference; fileEncoding = 4; lastKnownFileType = sourcecode.c.objc; name = BidVC.m; path = BidVC/BidVC.m; sourceTree = "<group>"; };
		37175B2B1F38E37800D6E535 /* BidderCell.h */ = {isa = PBXFileReference; fileEncoding = 4; lastKnownFileType = sourcecode.c.h; name = BidderCell.h; path = BidderCell/BidderCell.h; sourceTree = "<group>"; };
		37175B2C1F38E37800D6E535 /* BidderCell.m */ = {isa = PBXFileReference; fileEncoding = 4; lastKnownFileType = sourcecode.c.objc; name = BidderCell.m; path = BidderCell/BidderCell.m; sourceTree = "<group>"; };
		37175B2E1F38EA3900D6E535 /* menu-icon.png */ = {isa = PBXFileReference; lastKnownFileType = image.png; path = "menu-icon.png"; sourceTree = "<group>"; };
		371772831F403243001DC1D7 /* CarMakeCell.h */ = {isa = PBXFileReference; fileEncoding = 4; lastKnownFileType = sourcecode.c.h; name = CarMakeCell.h; path = CarMakeCell/CarMakeCell.h; sourceTree = "<group>"; };
		371772841F403243001DC1D7 /* CarMakeCell.m */ = {isa = PBXFileReference; fileEncoding = 4; lastKnownFileType = sourcecode.c.objc; name = CarMakeCell.m; path = CarMakeCell/CarMakeCell.m; sourceTree = "<group>"; };
		371772871F406836001DC1D7 /* CustomAnnotation.h */ = {isa = PBXFileReference; fileEncoding = 4; lastKnownFileType = sourcecode.c.h; name = CustomAnnotation.h; path = MKPointAnnotation/CustomAnnotation.h; sourceTree = "<group>"; };
		371772881F406836001DC1D7 /* CustomAnnotation.m */ = {isa = PBXFileReference; fileEncoding = 4; lastKnownFileType = sourcecode.c.objc; name = CustomAnnotation.m; path = MKPointAnnotation/CustomAnnotation.m; sourceTree = "<group>"; };
		3717728A1F4070D2001DC1D7 /* PointAnnotation.h */ = {isa = PBXFileReference; fileEncoding = 4; lastKnownFileType = sourcecode.c.h; name = PointAnnotation.h; path = MKPointAnnotation/PointAnnotation.h; sourceTree = "<group>"; };
		3717728B1F4070D2001DC1D7 /* PointAnnotation.m */ = {isa = PBXFileReference; fileEncoding = 4; lastKnownFileType = sourcecode.c.objc; name = PointAnnotation.m; path = MKPointAnnotation/PointAnnotation.m; sourceTree = "<group>"; };
		3717728D1F407312001DC1D7 /* map-marker.png */ = {isa = PBXFileReference; lastKnownFileType = image.png; path = "map-marker.png"; sourceTree = "<group>"; };
		371FE25A1F4A155E00AC4680 /* EditProfileVC.h */ = {isa = PBXFileReference; fileEncoding = 4; lastKnownFileType = sourcecode.c.h; name = EditProfileVC.h; path = EditProfileVC/EditProfileVC.h; sourceTree = "<group>"; };
		371FE25B1F4A155E00AC4680 /* EditProfileVC.m */ = {isa = PBXFileReference; fileEncoding = 4; lastKnownFileType = sourcecode.c.objc; name = EditProfileVC.m; path = EditProfileVC/EditProfileVC.m; sourceTree = "<group>"; };
		373B29221F4F6773002C02B0 /* AgreementVC.h */ = {isa = PBXFileReference; fileEncoding = 4; lastKnownFileType = sourcecode.c.h; name = AgreementVC.h; path = AgreementVC/AgreementVC.h; sourceTree = "<group>"; };
		373B29231F4F6773002C02B0 /* AgreementVC.m */ = {isa = PBXFileReference; fileEncoding = 4; lastKnownFileType = sourcecode.c.objc; name = AgreementVC.m; path = AgreementVC/AgreementVC.m; sourceTree = "<group>"; };
		373B29251F4F6799002C02B0 /* ConfirmationVC.h */ = {isa = PBXFileReference; fileEncoding = 4; lastKnownFileType = sourcecode.c.h; name = ConfirmationVC.h; path = ConfirmationVC/ConfirmationVC.h; sourceTree = "<group>"; };
		373B29261F4F6799002C02B0 /* ConfirmationVC.m */ = {isa = PBXFileReference; fileEncoding = 4; lastKnownFileType = sourcecode.c.objc; name = ConfirmationVC.m; path = ConfirmationVC/ConfirmationVC.m; sourceTree = "<group>"; };
		378AE4471F3890A30037EE8B /* star.png */ = {isa = PBXFileReference; lastKnownFileType = image.png; path = star.png; sourceTree = "<group>"; };
		378AE4491F3891260037EE8B /* man.png */ = {isa = PBXFileReference; lastKnownFileType = image.png; path = man.png; sourceTree = "<group>"; };
		378AE44B1F3891770037EE8B /* parking.jpg */ = {isa = PBXFileReference; lastKnownFileType = image.jpeg; path = parking.jpg; sourceTree = "<group>"; };
		378AE44D1F38A61C0037EE8B /* pencil.png */ = {isa = PBXFileReference; lastKnownFileType = image.png; path = pencil.png; sourceTree = "<group>"; };
		378AE44F1F38A7CA0037EE8B /* VehicalDetail.h */ = {isa = PBXFileReference; fileEncoding = 4; lastKnownFileType = sourcecode.c.h; name = VehicalDetail.h; path = VahicalDetailVC/VehicalDetail.h; sourceTree = "<group>"; };
		378AE4501F38A7CA0037EE8B /* VehicalDetail.m */ = {isa = PBXFileReference; fileEncoding = 4; lastKnownFileType = sourcecode.c.objc; name = VehicalDetail.m; path = VahicalDetailVC/VehicalDetail.m; sourceTree = "<group>"; };
		378AE4541F38A8540037EE8B /* PaymentVC.h */ = {isa = PBXFileReference; fileEncoding = 4; lastKnownFileType = sourcecode.c.h; name = PaymentVC.h; path = PaymentVC/PaymentVC.h; sourceTree = "<group>"; };
		378AE4551F38A8540037EE8B /* PaymentVC.m */ = {isa = PBXFileReference; fileEncoding = 4; lastKnownFileType = sourcecode.c.objc; name = PaymentVC.m; path = PaymentVC/PaymentVC.m; sourceTree = "<group>"; };
		378BF9B51F4C07F400A32638 /* GoogleMapVC.h */ = {isa = PBXFileReference; fileEncoding = 4; lastKnownFileType = sourcecode.c.h; name = GoogleMapVC.h; path = GoogleMapVC/GoogleMapVC.h; sourceTree = "<group>"; };
		378BF9B61F4C07F400A32638 /* GoogleMapVC.m */ = {isa = PBXFileReference; fileEncoding = 4; lastKnownFileType = sourcecode.c.objc; name = GoogleMapVC.m; path = GoogleMapVC/GoogleMapVC.m; sourceTree = "<group>"; };
		379B83321F42BC90001D1A2C /* box.png */ = {isa = PBXFileReference; lastKnownFileType = image.png; path = box.png; sourceTree = "<group>"; };
		379B83351F42BCFE001D1A2C /* tick.png */ = {isa = PBXFileReference; lastKnownFileType = image.png; path = tick.png; sourceTree = "<group>"; };
		379B83381F42C458001D1A2C /* MyProfileVC.h */ = {isa = PBXFileReference; fileEncoding = 4; lastKnownFileType = sourcecode.c.h; name = MyProfileVC.h; path = MyProfileVC/MyProfileVC.h; sourceTree = "<group>"; };
		379B83391F42C458001D1A2C /* MyProfileVC.m */ = {isa = PBXFileReference; fileEncoding = 4; lastKnownFileType = sourcecode.c.objc; name = MyProfileVC.m; path = MyProfileVC/MyProfileVC.m; sourceTree = "<group>"; };
		379B833C1F42D74F001D1A2C /* MyProfileCell.h */ = {isa = PBXFileReference; fileEncoding = 4; lastKnownFileType = sourcecode.c.h; name = MyProfileCell.h; path = MyProfileCell/MyProfileCell.h; sourceTree = "<group>"; };
		379B833D1F42D74F001D1A2C /* MyProfileCell.m */ = {isa = PBXFileReference; fileEncoding = 4; lastKnownFileType = sourcecode.c.objc; name = MyProfileCell.m; path = MyProfileCell/MyProfileCell.m; sourceTree = "<group>"; };
		37AC9D761F43EB7800751851 /* RSVP terms-conditions-pdf-english.pdf */ = {isa = PBXFileReference; lastKnownFileType = image.pdf; path = "RSVP terms-conditions-pdf-english.pdf"; sourceTree = "<group>"; };
		37AC9D791F442A0500751851 /* MyDrivewayListcell.h */ = {isa = PBXFileReference; fileEncoding = 4; lastKnownFileType = sourcecode.c.h; name = MyDrivewayListcell.h; path = MyDrivewayListcell/MyDrivewayListcell.h; sourceTree = "<group>"; };
		37AC9D7A1F442A0500751851 /* MyDrivewayListcell.m */ = {isa = PBXFileReference; fileEncoding = 4; lastKnownFileType = sourcecode.c.objc; name = MyDrivewayListcell.m; path = MyDrivewayListcell/MyDrivewayListcell.m; sourceTree = "<group>"; };
		37AC9D7D1F442AD700751851 /* MyDrivewayList.h */ = {isa = PBXFileReference; fileEncoding = 4; lastKnownFileType = sourcecode.c.h; name = MyDrivewayList.h; path = MyDrivewayList/MyDrivewayList.h; sourceTree = "<group>"; };
		37AC9D7E1F442AD700751851 /* MyDrivewayList.m */ = {isa = PBXFileReference; fileEncoding = 4; lastKnownFileType = sourcecode.c.objc; name = MyDrivewayList.m; path = MyDrivewayList/MyDrivewayList.m; sourceTree = "<group>"; };
		37AEFF801F4B1A9C00DD77C6 /* Privacy-Policy-pdf-english.pdf */ = {isa = PBXFileReference; lastKnownFileType = image.pdf; path = "Privacy-Policy-pdf-english.pdf"; sourceTree = "<group>"; };
		37B3E2261F50217A0092F778 /* AnetEMVSdk.framework */ = {isa = PBXFileReference; lastKnownFileType = wrapper.framework; path = AnetEMVSdk.framework; sourceTree = "<group>"; };
		37DD5A891F46BB3E0095F7E8 /* ScheduleCell.h */ = {isa = PBXFileReference; fileEncoding = 4; lastKnownFileType = sourcecode.c.h; name = ScheduleCell.h; path = ScheduleCell/ScheduleCell.h; sourceTree = "<group>"; };
		37DD5A8A1F46BB3E0095F7E8 /* ScheduleCell.m */ = {isa = PBXFileReference; fileEncoding = 4; lastKnownFileType = sourcecode.c.objc; name = ScheduleCell.m; path = ScheduleCell/ScheduleCell.m; sourceTree = "<group>"; };
		37DD5A8D1F46BBFB0095F7E8 /* ScheduleVC.h */ = {isa = PBXFileReference; fileEncoding = 4; lastKnownFileType = sourcecode.c.h; name = ScheduleVC.h; path = ScheduleVC/ScheduleVC.h; sourceTree = "<group>"; };
		37DD5A8E1F46BBFB0095F7E8 /* ScheduleVC.m */ = {isa = PBXFileReference; fileEncoding = 4; lastKnownFileType = sourcecode.c.objc; name = ScheduleVC.m; path = ScheduleVC/ScheduleVC.m; sourceTree = "<group>"; };
		37E0710A1F3B990900AB23F5 /* DriveWayInfoVC.h */ = {isa = PBXFileReference; fileEncoding = 4; lastKnownFileType = sourcecode.c.h; name = DriveWayInfoVC.h; path = DriveWayInfoVC/DriveWayInfoVC.h; sourceTree = "<group>"; };
		37E0710B1F3B990900AB23F5 /* DriveWayInfoVC.m */ = {isa = PBXFileReference; fileEncoding = 4; lastKnownFileType = sourcecode.c.objc; name = DriveWayInfoVC.m; path = DriveWayInfoVC/DriveWayInfoVC.m; sourceTree = "<group>"; };
		37FE719B1F4E014D0069729D /* blackmarker.png */ = {isa = PBXFileReference; lastKnownFileType = image.png; path = blackmarker.png; sourceTree = "<group>"; };
		37FE719C1F4E014D0069729D /* bluemarker.png */ = {isa = PBXFileReference; lastKnownFileType = image.png; path = bluemarker.png; sourceTree = "<group>"; };
		4143DBFD729961195176AC80 /* libPods-RSVP.a */ = {isa = PBXFileReference; explicitFileType = archive.ar; includeInIndex = 0; path = "libPods-RSVP.a"; sourceTree = BUILT_PRODUCTS_DIR; };
		60DFA6E3516E671F9563A106 /* Pods-RSVPTests.release.xcconfig */ = {isa = PBXFileReference; includeInIndex = 1; lastKnownFileType = text.xcconfig; name = "Pods-RSVPTests.release.xcconfig"; path = "Pods/Target Support Files/Pods-RSVPTests/Pods-RSVPTests.release.xcconfig"; sourceTree = "<group>"; };
		9C9BF648DD3BEAB4DDAE52F7 /* libPods-RSVPUITests.a */ = {isa = PBXFileReference; explicitFileType = archive.ar; includeInIndex = 0; path = "libPods-RSVPUITests.a"; sourceTree = BUILT_PRODUCTS_DIR; };
		A211F6819E2EBB1EBDC5ACCC /* Pods-RSVPTests.debug.xcconfig */ = {isa = PBXFileReference; includeInIndex = 1; lastKnownFileType = text.xcconfig; name = "Pods-RSVPTests.debug.xcconfig"; path = "Pods/Target Support Files/Pods-RSVPTests/Pods-RSVPTests.debug.xcconfig"; sourceTree = "<group>"; };
		A2B753B9767D936FFA4A66B4 /* Pods-RSVPUITests.release.xcconfig */ = {isa = PBXFileReference; includeInIndex = 1; lastKnownFileType = text.xcconfig; name = "Pods-RSVPUITests.release.xcconfig"; path = "Pods/Target Support Files/Pods-RSVPUITests/Pods-RSVPUITests.release.xcconfig"; sourceTree = "<group>"; };
		CBA8C3E50DD4BEBA21C52AB7 /* Pods-RSVP.release.xcconfig */ = {isa = PBXFileReference; includeInIndex = 1; lastKnownFileType = text.xcconfig; name = "Pods-RSVP.release.xcconfig"; path = "Pods/Target Support Files/Pods-RSVP/Pods-RSVP.release.xcconfig"; sourceTree = "<group>"; };
		D20DE84D11D6086D76312FA6 /* libPods-RSVPTests.a */ = {isa = PBXFileReference; explicitFileType = archive.ar; includeInIndex = 0; path = "libPods-RSVPTests.a"; sourceTree = BUILT_PRODUCTS_DIR; };
		FC16D65D1F39157F00A15C56 /* Constants.h */ = {isa = PBXFileReference; fileEncoding = 4; lastKnownFileType = sourcecode.c.h; path = Constants.h; sourceTree = "<group>"; };
		FC2A054CCD00A1F9AA7CF406 /* Pods-RSVPUITests.debug.xcconfig */ = {isa = PBXFileReference; includeInIndex = 1; lastKnownFileType = text.xcconfig; name = "Pods-RSVPUITests.debug.xcconfig"; path = "Pods/Target Support Files/Pods-RSVPUITests/Pods-RSVPUITests.debug.xcconfig"; sourceTree = "<group>"; };
		FC3EF42C1F2BB89F008D3BFD /* RSVP.app */ = {isa = PBXFileReference; explicitFileType = wrapper.application; includeInIndex = 0; path = RSVP.app; sourceTree = BUILT_PRODUCTS_DIR; };
		FC3EF4301F2BB89F008D3BFD /* main.m */ = {isa = PBXFileReference; lastKnownFileType = sourcecode.c.objc; path = main.m; sourceTree = "<group>"; };
		FC3EF4321F2BB89F008D3BFD /* AppDelegate.h */ = {isa = PBXFileReference; lastKnownFileType = sourcecode.c.h; path = AppDelegate.h; sourceTree = "<group>"; };
		FC3EF4331F2BB89F008D3BFD /* AppDelegate.m */ = {isa = PBXFileReference; lastKnownFileType = sourcecode.c.objc; path = AppDelegate.m; sourceTree = "<group>"; };
		FC3EF4391F2BB89F008D3BFD /* Base */ = {isa = PBXFileReference; lastKnownFileType = file.storyboard; name = Base; path = Base.lproj/Main.storyboard; sourceTree = "<group>"; };
		FC3EF43B1F2BB89F008D3BFD /* Assets.xcassets */ = {isa = PBXFileReference; lastKnownFileType = folder.assetcatalog; path = Assets.xcassets; sourceTree = "<group>"; };
		FC3EF43E1F2BB89F008D3BFD /* Base */ = {isa = PBXFileReference; lastKnownFileType = file.storyboard; name = Base; path = Base.lproj/LaunchScreen.storyboard; sourceTree = "<group>"; };
		FC3EF4401F2BB89F008D3BFD /* Info.plist */ = {isa = PBXFileReference; lastKnownFileType = text.plist.xml; path = Info.plist; sourceTree = "<group>"; };
		FC3EF4451F2BB89F008D3BFD /* RSVPTests.xctest */ = {isa = PBXFileReference; explicitFileType = wrapper.cfbundle; includeInIndex = 0; path = RSVPTests.xctest; sourceTree = BUILT_PRODUCTS_DIR; };
		FC3EF4491F2BB89F008D3BFD /* RSVPTests.m */ = {isa = PBXFileReference; lastKnownFileType = sourcecode.c.objc; path = RSVPTests.m; sourceTree = "<group>"; };
		FC3EF44B1F2BB89F008D3BFD /* Info.plist */ = {isa = PBXFileReference; lastKnownFileType = text.plist.xml; path = Info.plist; sourceTree = "<group>"; };
		FC3EF4501F2BB89F008D3BFD /* RSVPUITests.xctest */ = {isa = PBXFileReference; explicitFileType = wrapper.cfbundle; includeInIndex = 0; path = RSVPUITests.xctest; sourceTree = BUILT_PRODUCTS_DIR; };
		FC3EF4541F2BB89F008D3BFD /* RSVPUITests.m */ = {isa = PBXFileReference; lastKnownFileType = sourcecode.c.objc; path = RSVPUITests.m; sourceTree = "<group>"; };
		FC3EF4561F2BB89F008D3BFD /* Info.plist */ = {isa = PBXFileReference; lastKnownFileType = text.plist.xml; path = Info.plist; sourceTree = "<group>"; };
		FC3EF4661F2BBC45008D3BFD /* iCarousel.h */ = {isa = PBXFileReference; fileEncoding = 4; lastKnownFileType = sourcecode.c.h; path = iCarousel.h; sourceTree = "<group>"; };
		FC3EF4671F2BBC45008D3BFD /* iCarousel.m */ = {isa = PBXFileReference; fileEncoding = 4; lastKnownFileType = sourcecode.c.objc; path = iCarousel.m; sourceTree = "<group>"; };
		FC3EF46B1F2BBC45008D3BFD /* UIImage+animatedGIF.h */ = {isa = PBXFileReference; fileEncoding = 4; lastKnownFileType = sourcecode.c.h; path = "UIImage+animatedGIF.h"; sourceTree = "<group>"; };
		FC3EF46C1F2BBC45008D3BFD /* UIImage+animatedGIF.m */ = {isa = PBXFileReference; fileEncoding = 4; lastKnownFileType = sourcecode.c.objc; path = "UIImage+animatedGIF.m"; sourceTree = "<group>"; };
		FC3EF46D1F2BBC45008D3BFD /* Utils.h */ = {isa = PBXFileReference; fileEncoding = 4; lastKnownFileType = sourcecode.c.h; path = Utils.h; sourceTree = "<group>"; };
		FC3EF46E1F2BBC45008D3BFD /* Utils.m */ = {isa = PBXFileReference; fileEncoding = 4; lastKnownFileType = sourcecode.c.objc; path = Utils.m; sourceTree = "<group>"; };
		FC3EF4721F2BBE34008D3BFD /* img1.jpg */ = {isa = PBXFileReference; lastKnownFileType = image.jpeg; path = img1.jpg; sourceTree = "<group>"; };
		FC3EF4741F2BC13E008D3BFD /* RSVP-Prefix.pch */ = {isa = PBXFileReference; lastKnownFileType = sourcecode.c.h; path = "RSVP-Prefix.pch"; sourceTree = "<group>"; };
		FC3EF4761F2BC785008D3BFD /* 29ltbukrabold.otf */ = {isa = PBXFileReference; lastKnownFileType = file; path = 29ltbukrabold.otf; sourceTree = "<group>"; };
		FC3EF4771F2BC785008D3BFD /* 29ltbukrabolditalic.otf */ = {isa = PBXFileReference; lastKnownFileType = file; path = 29ltbukrabolditalic.otf; sourceTree = "<group>"; };
		FC3EF4781F2BC785008D3BFD /* 29ltbukralight.otf */ = {isa = PBXFileReference; lastKnownFileType = file; path = 29ltbukralight.otf; sourceTree = "<group>"; };
		FC3EF4791F2BC785008D3BFD /* 29ltbukraregular.otf */ = {isa = PBXFileReference; lastKnownFileType = file; path = 29ltbukraregular.otf; sourceTree = "<group>"; };
		FC3EF47E1F2BC903008D3BFD /* login.png */ = {isa = PBXFileReference; lastKnownFileType = image.png; path = login.png; sourceTree = "<group>"; };
		FC3EF4801F2BCB2B008D3BFD /* img2.png */ = {isa = PBXFileReference; lastKnownFileType = image.png; path = img2.png; sourceTree = "<group>"; };
		FC3EF4811F2BCB2B008D3BFD /* signUp.png */ = {isa = PBXFileReference; lastKnownFileType = image.png; path = signUp.png; sourceTree = "<group>"; };
		FC3EF4851F2BD01C008D3BFD /* SideMenuViewController.h */ = {isa = PBXFileReference; fileEncoding = 4; lastKnownFileType = sourcecode.c.h; name = SideMenuViewController.h; path = SideMenuViewController/SideMenuViewController.h; sourceTree = "<group>"; };
		FC3EF4861F2BD01C008D3BFD /* SideMenuViewController.m */ = {isa = PBXFileReference; fileEncoding = 4; lastKnownFileType = sourcecode.c.objc; name = SideMenuViewController.m; path = SideMenuViewController/SideMenuViewController.m; sourceTree = "<group>"; };
		FC3EF4891F2BD0C5008D3BFD /* LoginViewController.h */ = {isa = PBXFileReference; fileEncoding = 4; lastKnownFileType = sourcecode.c.h; name = LoginViewController.h; path = LoginViewController/LoginViewController.h; sourceTree = "<group>"; };
		FC3EF48A1F2BD0C5008D3BFD /* LoginViewController.m */ = {isa = PBXFileReference; fileEncoding = 4; lastKnownFileType = sourcecode.c.objc; name = LoginViewController.m; path = LoginViewController/LoginViewController.m; sourceTree = "<group>"; };
		FC3EF48D1F2BD126008D3BFD /* SignUpViewController.h */ = {isa = PBXFileReference; fileEncoding = 4; lastKnownFileType = sourcecode.c.h; name = SignUpViewController.h; path = SignUpViewController/SignUpViewController.h; sourceTree = "<group>"; };
		FC3EF48E1F2BD126008D3BFD /* SignUpViewController.m */ = {isa = PBXFileReference; fileEncoding = 4; lastKnownFileType = sourcecode.c.objc; name = SignUpViewController.m; path = SignUpViewController/SignUpViewController.m; sourceTree = "<group>"; };
		FC3EF4911F2BD169008D3BFD /* MapViewController.h */ = {isa = PBXFileReference; fileEncoding = 4; lastKnownFileType = sourcecode.c.h; name = MapViewController.h; path = MapViewController/MapViewController.h; sourceTree = "<group>"; };
		FC3EF4921F2BD169008D3BFD /* MapViewController.m */ = {isa = PBXFileReference; fileEncoding = 4; lastKnownFileType = sourcecode.c.objc; name = MapViewController.m; path = MapViewController/MapViewController.m; sourceTree = "<group>"; };
		FC3EF4951F2BD270008D3BFD /* DEMORootViewController.h */ = {isa = PBXFileReference; fileEncoding = 4; lastKnownFileType = sourcecode.c.h; path = DEMORootViewController.h; sourceTree = "<group>"; };
		FC3EF4961F2BD270008D3BFD /* DEMORootViewController.m */ = {isa = PBXFileReference; fileEncoding = 4; lastKnownFileType = sourcecode.c.objc; path = DEMORootViewController.m; sourceTree = "<group>"; };
		FC3EF4981F2BD41B008D3BFD /* MapKit.framework */ = {isa = PBXFileReference; lastKnownFileType = wrapper.framework; name = MapKit.framework; path = System/Library/Frameworks/MapKit.framework; sourceTree = SDKROOT; };
		FC3EF49A1F2BD4EB008D3BFD /* menuBtn.png */ = {isa = PBXFileReference; lastKnownFileType = image.png; path = menuBtn.png; sourceTree = "<group>"; };
		FC3EF49D1F2BDC08008D3BFD /* SideMenuTableViewCell.h */ = {isa = PBXFileReference; fileEncoding = 4; lastKnownFileType = sourcecode.c.h; name = SideMenuTableViewCell.h; path = SideMenuTableViewCell/SideMenuTableViewCell.h; sourceTree = "<group>"; };
		FC3EF49E1F2BDC08008D3BFD /* SideMenuTableViewCell.m */ = {isa = PBXFileReference; fileEncoding = 4; lastKnownFileType = sourcecode.c.objc; name = SideMenuTableViewCell.m; path = SideMenuTableViewCell/SideMenuTableViewCell.m; sourceTree = "<group>"; };
		FC3EF4A11F2BDDF1008D3BFD /* HomeViewController.h */ = {isa = PBXFileReference; fileEncoding = 4; lastKnownFileType = sourcecode.c.h; name = HomeViewController.h; path = HomeViewController/HomeViewController.h; sourceTree = "<group>"; };
		FC3EF4A21F2BDDF1008D3BFD /* HomeViewController.m */ = {isa = PBXFileReference; fileEncoding = 4; lastKnownFileType = sourcecode.c.objc; name = HomeViewController.m; path = HomeViewController/HomeViewController.m; sourceTree = "<group>"; };
		FC3EF4A41F2BE723008D3BFD /* iconBack.png */ = {isa = PBXFileReference; lastKnownFileType = image.png; path = iconBack.png; sourceTree = "<group>"; };
		FC3EF4A61F2BF1A7008D3BFD /* pass.png */ = {isa = PBXFileReference; lastKnownFileType = image.png; path = pass.png; sourceTree = "<group>"; };
		FC3EF4A71F2BF1A7008D3BFD /* user.png */ = {isa = PBXFileReference; lastKnownFileType = image.png; path = user.png; sourceTree = "<group>"; };
		FC3EF4AA1F2BF34B008D3BFD /* Msg.png */ = {isa = PBXFileReference; lastKnownFileType = image.png; path = Msg.png; sourceTree = "<group>"; };
		FCAE95B71F4DE746006936BA /* MLPAutoCompleteTextField.h */ = {isa = PBXFileReference; fileEncoding = 4; lastKnownFileType = sourcecode.c.h; path = MLPAutoCompleteTextField.h; sourceTree = "<group>"; };
		FCAE95B81F4DE746006936BA /* MLPAutoCompleteTextField.m */ = {isa = PBXFileReference; fileEncoding = 4; lastKnownFileType = sourcecode.c.objc; path = MLPAutoCompleteTextField.m; sourceTree = "<group>"; };
		FCAE95B91F4DE746006936BA /* MLPAutoCompleteTextFieldDataSource.h */ = {isa = PBXFileReference; fileEncoding = 4; lastKnownFileType = sourcecode.c.h; path = MLPAutoCompleteTextFieldDataSource.h; sourceTree = "<group>"; };
		FCAE95BA1F4DE746006936BA /* MLPAutoCompleteTextFieldDelegate.h */ = {isa = PBXFileReference; fileEncoding = 4; lastKnownFileType = sourcecode.c.h; path = MLPAutoCompleteTextFieldDelegate.h; sourceTree = "<group>"; };
		FCAE95BB1F4DE746006936BA /* MLPAutoCompletionObject.h */ = {isa = PBXFileReference; fileEncoding = 4; lastKnownFileType = sourcecode.c.h; path = MLPAutoCompletionObject.h; sourceTree = "<group>"; };
		FCAE95BC1F4DE746006936BA /* NSString+Levenshtein.h */ = {isa = PBXFileReference; fileEncoding = 4; lastKnownFileType = sourcecode.c.h; path = "NSString+Levenshtein.h"; sourceTree = "<group>"; };
		FCAE95BD1F4DE746006936BA /* NSString+Levenshtein.m */ = {isa = PBXFileReference; fileEncoding = 4; lastKnownFileType = sourcecode.c.objc; path = "NSString+Levenshtein.m"; sourceTree = "<group>"; };
		FCAE95BE1F4DE746006936BA /* MVPlaceSearchTextField.h */ = {isa = PBXFileReference; fileEncoding = 4; lastKnownFileType = sourcecode.c.h; path = MVPlaceSearchTextField.h; sourceTree = "<group>"; };
		FCAE95BF1F4DE746006936BA /* MVPlaceSearchTextField.m */ = {isa = PBXFileReference; fileEncoding = 4; lastKnownFileType = sourcecode.c.objc; path = MVPlaceSearchTextField.m; sourceTree = "<group>"; };
		FCAE95C01F4DE746006936BA /* PlaceDetail.h */ = {isa = PBXFileReference; fileEncoding = 4; lastKnownFileType = sourcecode.c.h; path = PlaceDetail.h; sourceTree = "<group>"; };
		FCAE95C11F4DE746006936BA /* PlaceDetail.m */ = {isa = PBXFileReference; fileEncoding = 4; lastKnownFileType = sourcecode.c.objc; path = PlaceDetail.m; sourceTree = "<group>"; };
		FCAE95C21F4DE746006936BA /* PlaceObject.h */ = {isa = PBXFileReference; fileEncoding = 4; lastKnownFileType = sourcecode.c.h; path = PlaceObject.h; sourceTree = "<group>"; };
		FCAE95C31F4DE746006936BA /* PlaceObject.m */ = {isa = PBXFileReference; fileEncoding = 4; lastKnownFileType = sourcecode.c.objc; path = PlaceObject.m; sourceTree = "<group>"; };
/* End PBXFileReference section */

/* Begin PBXFrameworksBuildPhase section */
		FC3EF4291F2BB89F008D3BFD /* Frameworks */ = {
			isa = PBXFrameworksBuildPhase;
			buildActionMask = 2147483647;
			files = (
				FC3EF4991F2BD41B008D3BFD /* MapKit.framework in Frameworks */,
				811194324B1360A17F1118F1 /* libPods-RSVP.a in Frameworks */,
				37B3E2271F50217A0092F778 /* AnetEMVSdk.framework in Frameworks */,
			);
			runOnlyForDeploymentPostprocessing = 0;
		};
		FC3EF4421F2BB89F008D3BFD /* Frameworks */ = {
			isa = PBXFrameworksBuildPhase;
			buildActionMask = 2147483647;
			files = (
				F3E85453C9B0CDAD0155734C /* libPods-RSVPTests.a in Frameworks */,
			);
			runOnlyForDeploymentPostprocessing = 0;
		};
		FC3EF44D1F2BB89F008D3BFD /* Frameworks */ = {
			isa = PBXFrameworksBuildPhase;
			buildActionMask = 2147483647;
			files = (
				CA75DEA7A35903638E25D308 /* libPods-RSVPUITests.a in Frameworks */,
			);
			runOnlyForDeploymentPostprocessing = 0;
		};
/* End PBXFrameworksBuildPhase section */

/* Begin PBXGroup section */
		37018A0D1F4270D500125B55 /* StreetParkingVC */ = {
			isa = PBXGroup;
			children = (
				37018A0A1F4270CD00125B55 /* StreetParkingVC.h */,
				37018A0B1F4270CD00125B55 /* StreetParkingVC.m */,
			);
			name = StreetParkingVC;
			sourceTree = "<group>";
		};
		37175B111F38D09500D6E535 /* BillingDetail */ = {
			isa = PBXGroup;
			children = (
				37175B121F38D0D400D6E535 /* BillingDetailVC.h */,
				37175B131F38D0D400D6E535 /* BillingDetailVC.m */,
			);
			name = BillingDetail;
			sourceTree = "<group>";
		};
		37175B151F38D0FF00D6E535 /* ParkInVC */ = {
			isa = PBXGroup;
			children = (
				37175B171F38D13900D6E535 /* ParkInVC.h */,
				37175B181F38D13900D6E535 /* ParkInVC.m */,
			);
			name = ParkInVC;
			sourceTree = "<group>";
		};
		37175B201F38D1E200D6E535 /* ForgotPasswordVC */ = {
			isa = PBXGroup;
			children = (
				37175B1D1F38D1DB00D6E535 /* ForgotPasswordVC.h */,
				37175B1E1F38D1DB00D6E535 /* ForgotPasswordVC.m */,
			);
			name = ForgotPasswordVC;
			sourceTree = "<group>";
		};
		37175B241F38D24700D6E535 /* BidderVC */ = {
			isa = PBXGroup;
			children = (
				37175B211F38D24100D6E535 /* BidderVC.h */,
				37175B221F38D24100D6E535 /* BidderVC.m */,
			);
			name = BidderVC;
			sourceTree = "<group>";
		};
		37175B281F38D26C00D6E535 /* BidVC */ = {
			isa = PBXGroup;
			children = (
				37175B251F38D26400D6E535 /* BidVC.h */,
				37175B261F38D26400D6E535 /* BidVC.m */,
			);
			name = BidVC;
			sourceTree = "<group>";
		};
		37175B2A1F38E34E00D6E535 /* BidderCell */ = {
			isa = PBXGroup;
			children = (
				37175B2B1F38E37800D6E535 /* BidderCell.h */,
				37175B2C1F38E37800D6E535 /* BidderCell.m */,
			);
			name = BidderCell;
			sourceTree = "<group>";
		};
		371772821F40320A001DC1D7 /* CarMakeCell */ = {
			isa = PBXGroup;
			children = (
				371772831F403243001DC1D7 /* CarMakeCell.h */,
				371772841F403243001DC1D7 /* CarMakeCell.m */,
			);
			name = CarMakeCell;
			sourceTree = "<group>";
		};
		371772861F406803001DC1D7 /* CustomAnnotaion */ = {
			isa = PBXGroup;
			children = (
				371772871F406836001DC1D7 /* CustomAnnotation.h */,
				371772881F406836001DC1D7 /* CustomAnnotation.m */,
				3717728A1F4070D2001DC1D7 /* PointAnnotation.h */,
				3717728B1F4070D2001DC1D7 /* PointAnnotation.m */,
			);
			name = CustomAnnotaion;
			sourceTree = "<group>";
		};
		371FE2591F4A153000AC4680 /* EditProfileDetail */ = {
			isa = PBXGroup;
			children = (
				371FE25A1F4A155E00AC4680 /* EditProfileVC.h */,
				371FE25B1F4A155E00AC4680 /* EditProfileVC.m */,
			);
			name = EditProfileDetail;
			sourceTree = "<group>";
		};
		373B29201F4F6738002C02B0 /* ConfirmationVC */ = {
			isa = PBXGroup;
			children = (
				373B29251F4F6799002C02B0 /* ConfirmationVC.h */,
				373B29261F4F6799002C02B0 /* ConfirmationVC.m */,
			);
			name = ConfirmationVC;
			sourceTree = "<group>";
		};
		373B29211F4F6749002C02B0 /* AgreementVC */ = {
			isa = PBXGroup;
			children = (
				373B29221F4F6773002C02B0 /* AgreementVC.h */,
				373B29231F4F6773002C02B0 /* AgreementVC.m */,
			);
			name = AgreementVC;
			sourceTree = "<group>";
		};
		378AE4521F38A7D50037EE8B /* VehicleDetailVC */ = {
			isa = PBXGroup;
			children = (
				378AE44F1F38A7CA0037EE8B /* VehicalDetail.h */,
				378AE4501F38A7CA0037EE8B /* VehicalDetail.m */,
			);
			name = VehicleDetailVC;
			sourceTree = "<group>";
		};
		378AE4531F38A8230037EE8B /* PaymentVC */ = {
			isa = PBXGroup;
			children = (
				378AE4541F38A8540037EE8B /* PaymentVC.h */,
				378AE4551F38A8540037EE8B /* PaymentVC.m */,
			);
			name = PaymentVC;
			sourceTree = "<group>";
		};
		378BF9B81F4C07FC00A32638 /* GoogleMapVC */ = {
			isa = PBXGroup;
			children = (
				378BF9B51F4C07F400A32638 /* GoogleMapVC.h */,
				378BF9B61F4C07F400A32638 /* GoogleMapVC.m */,
			);
			name = GoogleMapVC;
			sourceTree = "<group>";
		};
		379B83371F42C42D001D1A2C /* MyProfileVC */ = {
			isa = PBXGroup;
			children = (
				379B83381F42C458001D1A2C /* MyProfileVC.h */,
				379B83391F42C458001D1A2C /* MyProfileVC.m */,
			);
			name = MyProfileVC;
			sourceTree = "<group>";
		};
		379B833B1F42D71B001D1A2C /* MyProfileCell */ = {
			isa = PBXGroup;
			children = (
				379B833C1F42D74F001D1A2C /* MyProfileCell.h */,
				379B833D1F42D74F001D1A2C /* MyProfileCell.m */,
			);
			name = MyProfileCell;
			sourceTree = "<group>";
		};
		37AC9D781F4429CD00751851 /* MyDrivewayListcell */ = {
			isa = PBXGroup;
			children = (
				37AC9D791F442A0500751851 /* MyDrivewayListcell.h */,
				37AC9D7A1F442A0500751851 /* MyDrivewayListcell.m */,
			);
			name = MyDrivewayListcell;
			sourceTree = "<group>";
		};
		37AC9D7C1F442AA700751851 /* MyDrivewayList */ = {
			isa = PBXGroup;
			children = (
				37AC9D7D1F442AD700751851 /* MyDrivewayList.h */,
				37AC9D7E1F442AD700751851 /* MyDrivewayList.m */,
			);
			name = MyDrivewayList;
			sourceTree = "<group>";
		};
		37DD5A881F46BAFE0095F7E8 /* ScheduleCell */ = {
			isa = PBXGroup;
			children = (
				37DD5A891F46BB3E0095F7E8 /* ScheduleCell.h */,
				37DD5A8A1F46BB3E0095F7E8 /* ScheduleCell.m */,
			);
			name = ScheduleCell;
			sourceTree = "<group>";
		};
		37DD5A8C1F46BBBF0095F7E8 /* ScheduleVC */ = {
			isa = PBXGroup;
			children = (
				37DD5A8D1F46BBFB0095F7E8 /* ScheduleVC.h */,
				37DD5A8E1F46BBFB0095F7E8 /* ScheduleVC.m */,
			);
			name = ScheduleVC;
			sourceTree = "<group>";
		};
		37E0710D1F3B991300AB23F5 /* DriveWayInfoVC */ = {
			isa = PBXGroup;
			children = (
				37E0710A1F3B990900AB23F5 /* DriveWayInfoVC.h */,
				37E0710B1F3B990900AB23F5 /* DriveWayInfoVC.m */,
			);
			name = DriveWayInfoVC;
			sourceTree = "<group>";
		};
		D6A9D55A180D33459A0643DF /* Frameworks */ = {
			isa = PBXGroup;
			children = (
				FC3EF4981F2BD41B008D3BFD /* MapKit.framework */,
				4143DBFD729961195176AC80 /* libPods-RSVP.a */,
				D20DE84D11D6086D76312FA6 /* libPods-RSVPTests.a */,
				9C9BF648DD3BEAB4DDAE52F7 /* libPods-RSVPUITests.a */,
			);
			name = Frameworks;
			sourceTree = "<group>";
		};
		F02D32451CB6A63AB4F59E69 /* Pods */ = {
			isa = PBXGroup;
			children = (
				2548B349A7D5F75AF0604679 /* Pods-RSVP.debug.xcconfig */,
				CBA8C3E50DD4BEBA21C52AB7 /* Pods-RSVP.release.xcconfig */,
				A211F6819E2EBB1EBDC5ACCC /* Pods-RSVPTests.debug.xcconfig */,
				60DFA6E3516E671F9563A106 /* Pods-RSVPTests.release.xcconfig */,
				FC2A054CCD00A1F9AA7CF406 /* Pods-RSVPUITests.debug.xcconfig */,
				A2B753B9767D936FFA4A66B4 /* Pods-RSVPUITests.release.xcconfig */,
			);
			name = Pods;
			sourceTree = "<group>";
		};
		FC16D65C1F39157F00A15C56 /* Constants */ = {
			isa = PBXGroup;
			children = (
				FC16D65D1F39157F00A15C56 /* Constants.h */,
			);
			path = Constants;
			sourceTree = "<group>";
		};
		FC3EF4231F2BB89F008D3BFD = {
			isa = PBXGroup;
			children = (
				FC3EF42E1F2BB89F008D3BFD /* RSVP */,
				FC3EF4481F2BB89F008D3BFD /* RSVPTests */,
				FC3EF4531F2BB89F008D3BFD /* RSVPUITests */,
				FC3EF42D1F2BB89F008D3BFD /* Products */,
				F02D32451CB6A63AB4F59E69 /* Pods */,
				D6A9D55A180D33459A0643DF /* Frameworks */,
			);
			sourceTree = "<group>";
		};
		FC3EF42D1F2BB89F008D3BFD /* Products */ = {
			isa = PBXGroup;
			children = (
				FC3EF42C1F2BB89F008D3BFD /* RSVP.app */,
				FC3EF4451F2BB89F008D3BFD /* RSVPTests.xctest */,
				FC3EF4501F2BB89F008D3BFD /* RSVPUITests.xctest */,
			);
			name = Products;
			sourceTree = "<group>";
		};
		FC3EF42E1F2BB89F008D3BFD /* RSVP */ = {
			isa = PBXGroup;
			children = (
				FC16D65C1F39157F00A15C56 /* Constants */,
				FC3EF4751F2BC785008D3BFD /* Fonts */,
				FC3EF4621F2BBC45008D3BFD /* Cell */,
				FC3EF4631F2BBC45008D3BFD /* Images */,
				FC3EF4641F2BBC45008D3BFD /* Libraries */,
				FC3EF4681F2BBC45008D3BFD /* MVC */,
				FC3EF4691F2BBC45008D3BFD /* Objects */,
				FC3EF46A1F2BBC45008D3BFD /* Utilities */,
				FC3EF4321F2BB89F008D3BFD /* AppDelegate.h */,
				FC3EF4331F2BB89F008D3BFD /* AppDelegate.m */,
				FC3EF4381F2BB89F008D3BFD /* Main.storyboard */,
				FC3EF43B1F2BB89F008D3BFD /* Assets.xcassets */,
				FC3EF43D1F2BB89F008D3BFD /* LaunchScreen.storyboard */,
				FC3EF4401F2BB89F008D3BFD /* Info.plist */,
				FC3EF42F1F2BB89F008D3BFD /* Supporting Files */,
			);
			path = RSVP;
			sourceTree = "<group>";
		};
		FC3EF42F1F2BB89F008D3BFD /* Supporting Files */ = {
			isa = PBXGroup;
			children = (
				FC3EF4301F2BB89F008D3BFD /* main.m */,
				FC3EF4741F2BC13E008D3BFD /* RSVP-Prefix.pch */,
			);
			name = "Supporting Files";
			sourceTree = "<group>";
		};
		FC3EF4481F2BB89F008D3BFD /* RSVPTests */ = {
			isa = PBXGroup;
			children = (
				FC3EF4491F2BB89F008D3BFD /* RSVPTests.m */,
				FC3EF44B1F2BB89F008D3BFD /* Info.plist */,
			);
			path = RSVPTests;
			sourceTree = "<group>";
		};
		FC3EF4531F2BB89F008D3BFD /* RSVPUITests */ = {
			isa = PBXGroup;
			children = (
				FC3EF4541F2BB89F008D3BFD /* RSVPUITests.m */,
				FC3EF4561F2BB89F008D3BFD /* Info.plist */,
			);
			path = RSVPUITests;
			sourceTree = "<group>";
		};
		FC3EF4621F2BBC45008D3BFD /* Cell */ = {
			isa = PBXGroup;
			children = (
				37DD5A881F46BAFE0095F7E8 /* ScheduleCell */,
				37AC9D781F4429CD00751851 /* MyDrivewayListcell */,
				379B833B1F42D71B001D1A2C /* MyProfileCell */,
				371772821F40320A001DC1D7 /* CarMakeCell */,
				37175B2A1F38E34E00D6E535 /* BidderCell */,
				FC3EF49C1F2BDBEB008D3BFD /* SideMenuTableViewCell */,
			);
			path = Cell;
			sourceTree = "<group>";
		};
		FC3EF4631F2BBC45008D3BFD /* Images */ = {
			isa = PBXGroup;
			children = (
				379B83321F42BC90001D1A2C /* box.png */,
				379B83351F42BCFE001D1A2C /* tick.png */,
				3717728D1F407312001DC1D7 /* map-marker.png */,
				378AE4491F3891260037EE8B /* man.png */,
				37FE719B1F4E014D0069729D /* blackmarker.png */,
				37FE719C1F4E014D0069729D /* bluemarker.png */,
				378AE4471F3890A30037EE8B /* star.png */,
				37175B2E1F38EA3900D6E535 /* menu-icon.png */,
				FC3EF4AA1F2BF34B008D3BFD /* Msg.png */,
				FC3EF4A61F2BF1A7008D3BFD /* pass.png */,
				378AE44B1F3891770037EE8B /* parking.jpg */,
				FC3EF4A71F2BF1A7008D3BFD /* user.png */,
				378AE44D1F38A61C0037EE8B /* pencil.png */,
				FC3EF4A41F2BE723008D3BFD /* iconBack.png */,
				FC3EF49A1F2BD4EB008D3BFD /* menuBtn.png */,
				FC3EF4801F2BCB2B008D3BFD /* img2.png */,
				FC3EF4811F2BCB2B008D3BFD /* signUp.png */,
				FC3EF47E1F2BC903008D3BFD /* login.png */,
				FC3EF4721F2BBE34008D3BFD /* img1.jpg */,
			);
			path = Images;
			sourceTree = "<group>";
		};
		FC3EF4641F2BBC45008D3BFD /* Libraries */ = {
			isa = PBXGroup;
			children = (
				37B3E2261F50217A0092F778 /* AnetEMVSdk.framework */,
				FCAE95B51F4DE746006936BA /* MVPlaceSearchTextField */,
				37AEFF801F4B1A9C00DD77C6 /* Privacy-Policy-pdf-english.pdf */,
				37AC9D761F43EB7800751851 /* RSVP terms-conditions-pdf-english.pdf */,
				FC3EF4651F2BBC45008D3BFD /* iCarousel */,
			);
			path = Libraries;
			sourceTree = "<group>";
		};
		FC3EF4651F2BBC45008D3BFD /* iCarousel */ = {
			isa = PBXGroup;
			children = (
				FC3EF4661F2BBC45008D3BFD /* iCarousel.h */,
				FC3EF4671F2BBC45008D3BFD /* iCarousel.m */,
			);
			path = iCarousel;
			sourceTree = "<group>";
		};
		FC3EF4681F2BBC45008D3BFD /* MVC */ = {
			isa = PBXGroup;
			children = (
				373B29211F4F6749002C02B0 /* AgreementVC */,
				373B29201F4F6738002C02B0 /* ConfirmationVC */,
				371FE2591F4A153000AC4680 /* EditProfileDetail */,
				37AC9D7C1F442AA700751851 /* MyDrivewayList */,
				37DD5A8C1F46BBBF0095F7E8 /* ScheduleVC */,
				37175B151F38D0FF00D6E535 /* ParkInVC */,
				379B83371F42C42D001D1A2C /* MyProfileVC */,
				371772861F406803001DC1D7 /* CustomAnnotaion */,
				FC3EF4A01F2BDDD0008D3BFD /* HomeViewController */,
				FC3EF4941F2BD270008D3BFD /* DEMORootViewController */,
				FC3EF4901F2BD157008D3BFD /* MapViewController */,
				FC3EF48C1F2BD0D6008D3BFD /* SignUpViewController */,
				FC3EF4881F2BD029008D3BFD /* LoginViewController */,
				FC3EF4841F2BD002008D3BFD /* SideMenuViewController */,
				37175B201F38D1E200D6E535 /* ForgotPasswordVC */,
				378AE4521F38A7D50037EE8B /* VehicleDetailVC */,
				37175B111F38D09500D6E535 /* BillingDetail */,
				378AE4531F38A8230037EE8B /* PaymentVC */,
				37175B241F38D24700D6E535 /* BidderVC */,
				37175B281F38D26C00D6E535 /* BidVC */,
				37E0710D1F3B991300AB23F5 /* DriveWayInfoVC */,
				37018A0D1F4270D500125B55 /* StreetParkingVC */,
				378BF9B81F4C07FC00A32638 /* GoogleMapVC */,
			);
			path = MVC;
			sourceTree = "<group>";
		};
		FC3EF4691F2BBC45008D3BFD /* Objects */ = {
			isa = PBXGroup;
			children = (
			);
			path = Objects;
			sourceTree = "<group>";
		};
		FC3EF46A1F2BBC45008D3BFD /* Utilities */ = {
			isa = PBXGroup;
			children = (
				FC3EF46B1F2BBC45008D3BFD /* UIImage+animatedGIF.h */,
				FC3EF46C1F2BBC45008D3BFD /* UIImage+animatedGIF.m */,
				FC3EF46D1F2BBC45008D3BFD /* Utils.h */,
				FC3EF46E1F2BBC45008D3BFD /* Utils.m */,
			);
			path = Utilities;
			sourceTree = "<group>";
		};
		FC3EF4751F2BC785008D3BFD /* Fonts */ = {
			isa = PBXGroup;
			children = (
				FC3EF4761F2BC785008D3BFD /* 29ltbukrabold.otf */,
				FC3EF4771F2BC785008D3BFD /* 29ltbukrabolditalic.otf */,
				FC3EF4781F2BC785008D3BFD /* 29ltbukralight.otf */,
				FC3EF4791F2BC785008D3BFD /* 29ltbukraregular.otf */,
			);
			path = Fonts;
			sourceTree = "<group>";
		};
		FC3EF4841F2BD002008D3BFD /* SideMenuViewController */ = {
			isa = PBXGroup;
			children = (
				FC3EF4851F2BD01C008D3BFD /* SideMenuViewController.h */,
				FC3EF4861F2BD01C008D3BFD /* SideMenuViewController.m */,
			);
			name = SideMenuViewController;
			sourceTree = "<group>";
		};
		FC3EF4881F2BD029008D3BFD /* LoginViewController */ = {
			isa = PBXGroup;
			children = (
				FC3EF4891F2BD0C5008D3BFD /* LoginViewController.h */,
				FC3EF48A1F2BD0C5008D3BFD /* LoginViewController.m */,
			);
			name = LoginViewController;
			sourceTree = "<group>";
		};
		FC3EF48C1F2BD0D6008D3BFD /* SignUpViewController */ = {
			isa = PBXGroup;
			children = (
				FC3EF48D1F2BD126008D3BFD /* SignUpViewController.h */,
				FC3EF48E1F2BD126008D3BFD /* SignUpViewController.m */,
			);
			name = SignUpViewController;
			sourceTree = "<group>";
		};
		FC3EF4901F2BD157008D3BFD /* MapViewController */ = {
			isa = PBXGroup;
			children = (
				FC3EF4911F2BD169008D3BFD /* MapViewController.h */,
				FC3EF4921F2BD169008D3BFD /* MapViewController.m */,
			);
			name = MapViewController;
			sourceTree = "<group>";
		};
		FC3EF4941F2BD270008D3BFD /* DEMORootViewController */ = {
			isa = PBXGroup;
			children = (
				FC3EF4951F2BD270008D3BFD /* DEMORootViewController.h */,
				FC3EF4961F2BD270008D3BFD /* DEMORootViewController.m */,
			);
			path = DEMORootViewController;
			sourceTree = "<group>";
		};
		FC3EF49C1F2BDBEB008D3BFD /* SideMenuTableViewCell */ = {
			isa = PBXGroup;
			children = (
				FC3EF49D1F2BDC08008D3BFD /* SideMenuTableViewCell.h */,
				FC3EF49E1F2BDC08008D3BFD /* SideMenuTableViewCell.m */,
			);
			name = SideMenuTableViewCell;
			sourceTree = "<group>";
		};
		FC3EF4A01F2BDDD0008D3BFD /* HomeViewController */ = {
			isa = PBXGroup;
			children = (
				FC3EF4A11F2BDDF1008D3BFD /* HomeViewController.h */,
				FC3EF4A21F2BDDF1008D3BFD /* HomeViewController.m */,
			);
			name = HomeViewController;
			sourceTree = "<group>";
		};
		FCAE95B51F4DE746006936BA /* MVPlaceSearchTextField */ = {
			isa = PBXGroup;
			children = (
				FCAE95B61F4DE746006936BA /* MLPAutoCompleteTextField */,
				FCAE95BE1F4DE746006936BA /* MVPlaceSearchTextField.h */,
				FCAE95BF1F4DE746006936BA /* MVPlaceSearchTextField.m */,
				FCAE95C01F4DE746006936BA /* PlaceDetail.h */,
				FCAE95C11F4DE746006936BA /* PlaceDetail.m */,
				FCAE95C21F4DE746006936BA /* PlaceObject.h */,
				FCAE95C31F4DE746006936BA /* PlaceObject.m */,
			);
			path = MVPlaceSearchTextField;
			sourceTree = "<group>";
		};
		FCAE95B61F4DE746006936BA /* MLPAutoCompleteTextField */ = {
			isa = PBXGroup;
			children = (
				FCAE95B71F4DE746006936BA /* MLPAutoCompleteTextField.h */,
				FCAE95B81F4DE746006936BA /* MLPAutoCompleteTextField.m */,
				FCAE95B91F4DE746006936BA /* MLPAutoCompleteTextFieldDataSource.h */,
				FCAE95BA1F4DE746006936BA /* MLPAutoCompleteTextFieldDelegate.h */,
				FCAE95BB1F4DE746006936BA /* MLPAutoCompletionObject.h */,
				FCAE95BC1F4DE746006936BA /* NSString+Levenshtein.h */,
				FCAE95BD1F4DE746006936BA /* NSString+Levenshtein.m */,
			);
			path = MLPAutoCompleteTextField;
			sourceTree = "<group>";
		};
/* End PBXGroup section */

/* Begin PBXNativeTarget section */
		FC3EF42B1F2BB89F008D3BFD /* RSVP */ = {
			isa = PBXNativeTarget;
			buildConfigurationList = FC3EF4591F2BB89F008D3BFD /* Build configuration list for PBXNativeTarget "RSVP" */;
			buildPhases = (
				5195A6B95953138C25A1F5FE /* [CP] Check Pods Manifest.lock */,
				FC3EF4281F2BB89F008D3BFD /* Sources */,
				FC3EF4291F2BB89F008D3BFD /* Frameworks */,
				FC3EF42A1F2BB89F008D3BFD /* Resources */,
				D5F1DD55CC3026CFFB766376 /* [CP] Embed Pods Frameworks */,
				4C8039369BE31EE00D67792F /* [CP] Copy Pods Resources */,
			);
			buildRules = (
			);
			dependencies = (
			);
			name = RSVP;
			productName = RSVP;
			productReference = FC3EF42C1F2BB89F008D3BFD /* RSVP.app */;
			productType = "com.apple.product-type.application";
		};
		FC3EF4441F2BB89F008D3BFD /* RSVPTests */ = {
			isa = PBXNativeTarget;
			buildConfigurationList = FC3EF45C1F2BB89F008D3BFD /* Build configuration list for PBXNativeTarget "RSVPTests" */;
			buildPhases = (
				31A1F6B62E40FD88795B80C3 /* [CP] Check Pods Manifest.lock */,
				FC3EF4411F2BB89F008D3BFD /* Sources */,
				FC3EF4421F2BB89F008D3BFD /* Frameworks */,
				FC3EF4431F2BB89F008D3BFD /* Resources */,
				9AED8995B33068904C6191C7 /* [CP] Embed Pods Frameworks */,
				D15A97CE1A937EB686D9D19F /* [CP] Copy Pods Resources */,
			);
			buildRules = (
			);
			dependencies = (
				FC3EF4471F2BB89F008D3BFD /* PBXTargetDependency */,
			);
			name = RSVPTests;
			productName = RSVPTests;
			productReference = FC3EF4451F2BB89F008D3BFD /* RSVPTests.xctest */;
			productType = "com.apple.product-type.bundle.unit-test";
		};
		FC3EF44F1F2BB89F008D3BFD /* RSVPUITests */ = {
			isa = PBXNativeTarget;
			buildConfigurationList = FC3EF45F1F2BB89F008D3BFD /* Build configuration list for PBXNativeTarget "RSVPUITests" */;
			buildPhases = (
				679D029362722BC91899E1C5 /* [CP] Check Pods Manifest.lock */,
				FC3EF44C1F2BB89F008D3BFD /* Sources */,
				FC3EF44D1F2BB89F008D3BFD /* Frameworks */,
				FC3EF44E1F2BB89F008D3BFD /* Resources */,
				886B0042051094AD9C1E0E3D /* [CP] Embed Pods Frameworks */,
				D07B375D2DF9E14E09A7495D /* [CP] Copy Pods Resources */,
			);
			buildRules = (
			);
			dependencies = (
				FC3EF4521F2BB89F008D3BFD /* PBXTargetDependency */,
			);
			name = RSVPUITests;
			productName = RSVPUITests;
			productReference = FC3EF4501F2BB89F008D3BFD /* RSVPUITests.xctest */;
			productType = "com.apple.product-type.bundle.ui-testing";
		};
/* End PBXNativeTarget section */

/* Begin PBXProject section */
		FC3EF4241F2BB89F008D3BFD /* Project object */ = {
			isa = PBXProject;
			attributes = {
				LastUpgradeCheck = 0830;
				ORGANIZATIONNAME = "Arshdeep Singh";
				TargetAttributes = {
					FC3EF42B1F2BB89F008D3BFD = {
						CreatedOnToolsVersion = 8.3.3;
						DevelopmentTeam = 96D398C43S;
						ProvisioningStyle = Automatic;
					};
					FC3EF4441F2BB89F008D3BFD = {
						CreatedOnToolsVersion = 8.3.3;
						DevelopmentTeam = 96D398C43S;
						ProvisioningStyle = Automatic;
						TestTargetID = FC3EF42B1F2BB89F008D3BFD;
					};
					FC3EF44F1F2BB89F008D3BFD = {
						CreatedOnToolsVersion = 8.3.3;
						DevelopmentTeam = 96D398C43S;
						ProvisioningStyle = Automatic;
						TestTargetID = FC3EF42B1F2BB89F008D3BFD;
					};
				};
			};
			buildConfigurationList = FC3EF4271F2BB89F008D3BFD /* Build configuration list for PBXProject "RSVP" */;
			compatibilityVersion = "Xcode 3.2";
			developmentRegion = English;
			hasScannedForEncodings = 0;
			knownRegions = (
				en,
				Base,
			);
			mainGroup = FC3EF4231F2BB89F008D3BFD;
			productRefGroup = FC3EF42D1F2BB89F008D3BFD /* Products */;
			projectDirPath = "";
			projectRoot = "";
			targets = (
				FC3EF42B1F2BB89F008D3BFD /* RSVP */,
				FC3EF4441F2BB89F008D3BFD /* RSVPTests */,
				FC3EF44F1F2BB89F008D3BFD /* RSVPUITests */,
			);
		};
/* End PBXProject section */

/* Begin PBXResourcesBuildPhase section */
		FC3EF42A1F2BB89F008D3BFD /* Resources */ = {
			isa = PBXResourcesBuildPhase;
			buildActionMask = 2147483647;
			files = (
				378AE4481F3890A30037EE8B /* star.png in Resources */,
				FC3EF47C1F2BC785008D3BFD /* 29ltbukralight.otf in Resources */,
				FC3EF4AB1F2BF34B008D3BFD /* Msg.png in Resources */,
				379B83341F42BC90001D1A2C /* box.png in Resources */,
				378AE44A1F3891260037EE8B /* man.png in Resources */,
				37175B2F1F38EA3900D6E535 /* menu-icon.png in Resources */,
				FC3EF4831F2BCB2B008D3BFD /* signUp.png in Resources */,
				37AEFF811F4B1A9C00DD77C6 /* Privacy-Policy-pdf-english.pdf in Resources */,
				FC3EF43F1F2BB89F008D3BFD /* LaunchScreen.storyboard in Resources */,
				FC3EF4731F2BBE34008D3BFD /* img1.jpg in Resources */,
				FC3EF4A51F2BE723008D3BFD /* iconBack.png in Resources */,
				FC3EF47A1F2BC785008D3BFD /* 29ltbukrabold.otf in Resources */,
				FC3EF4A81F2BF1A7008D3BFD /* pass.png in Resources */,
				378AE44E1F38A61C0037EE8B /* pencil.png in Resources */,
				FC3EF47F1F2BC903008D3BFD /* login.png in Resources */,
				379B83361F42BCFE001D1A2C /* tick.png in Resources */,
				37FE719D1F4E014D0069729D /* blackmarker.png in Resources */,
				FC3EF47B1F2BC785008D3BFD /* 29ltbukrabolditalic.otf in Resources */,
				FC3EF49B1F2BD4EB008D3BFD /* menuBtn.png in Resources */,
				FC3EF4821F2BCB2B008D3BFD /* img2.png in Resources */,
				3717728E1F407312001DC1D7 /* map-marker.png in Resources */,
				FC3EF4A91F2BF1A7008D3BFD /* user.png in Resources */,
				FC3EF47D1F2BC785008D3BFD /* 29ltbukraregular.otf in Resources */,
				37FE719E1F4E014D0069729D /* bluemarker.png in Resources */,
				FC3EF43C1F2BB89F008D3BFD /* Assets.xcassets in Resources */,
				FC3EF43A1F2BB89F008D3BFD /* Main.storyboard in Resources */,
				378AE44C1F3891770037EE8B /* parking.jpg in Resources */,
				37AC9D771F43EB7800751851 /* RSVP terms-conditions-pdf-english.pdf in Resources */,
			);
			runOnlyForDeploymentPostprocessing = 0;
		};
		FC3EF4431F2BB89F008D3BFD /* Resources */ = {
			isa = PBXResourcesBuildPhase;
			buildActionMask = 2147483647;
			files = (
			);
			runOnlyForDeploymentPostprocessing = 0;
		};
		FC3EF44E1F2BB89F008D3BFD /* Resources */ = {
			isa = PBXResourcesBuildPhase;
			buildActionMask = 2147483647;
			files = (
			);
			runOnlyForDeploymentPostprocessing = 0;
		};
/* End PBXResourcesBuildPhase section */

/* Begin PBXShellScriptBuildPhase section */
		31A1F6B62E40FD88795B80C3 /* [CP] Check Pods Manifest.lock */ = {
			isa = PBXShellScriptBuildPhase;
			buildActionMask = 2147483647;
			files = (
			);
			inputPaths = (
			);
			name = "[CP] Check Pods Manifest.lock";
			outputPaths = (
			);
			runOnlyForDeploymentPostprocessing = 0;
			shellPath = /bin/sh;
			shellScript = "diff \"${PODS_ROOT}/../Podfile.lock\" \"${PODS_ROOT}/Manifest.lock\" > /dev/null\nif [ $? != 0 ] ; then\n    # print error to STDERR\n    echo \"error: The sandbox is not in sync with the Podfile.lock. Run 'pod install' or update your CocoaPods installation.\" >&2\n    exit 1\nfi\n";
			showEnvVarsInLog = 0;
		};
		4C8039369BE31EE00D67792F /* [CP] Copy Pods Resources */ = {
			isa = PBXShellScriptBuildPhase;
			buildActionMask = 2147483647;
			files = (
			);
			inputPaths = (
			);
			name = "[CP] Copy Pods Resources";
			outputPaths = (
			);
			runOnlyForDeploymentPostprocessing = 0;
			shellPath = /bin/sh;
			shellScript = "\"${SRCROOT}/Pods/Target Support Files/Pods-RSVP/Pods-RSVP-resources.sh\"\n";
			showEnvVarsInLog = 0;
		};
		5195A6B95953138C25A1F5FE /* [CP] Check Pods Manifest.lock */ = {
			isa = PBXShellScriptBuildPhase;
			buildActionMask = 2147483647;
			files = (
			);
			inputPaths = (
			);
			name = "[CP] Check Pods Manifest.lock";
			outputPaths = (
			);
			runOnlyForDeploymentPostprocessing = 0;
			shellPath = /bin/sh;
			shellScript = "diff \"${PODS_ROOT}/../Podfile.lock\" \"${PODS_ROOT}/Manifest.lock\" > /dev/null\nif [ $? != 0 ] ; then\n    # print error to STDERR\n    echo \"error: The sandbox is not in sync with the Podfile.lock. Run 'pod install' or update your CocoaPods installation.\" >&2\n    exit 1\nfi\n";
			showEnvVarsInLog = 0;
		};
		679D029362722BC91899E1C5 /* [CP] Check Pods Manifest.lock */ = {
			isa = PBXShellScriptBuildPhase;
			buildActionMask = 2147483647;
			files = (
			);
			inputPaths = (
			);
			name = "[CP] Check Pods Manifest.lock";
			outputPaths = (
			);
			runOnlyForDeploymentPostprocessing = 0;
			shellPath = /bin/sh;
			shellScript = "diff \"${PODS_ROOT}/../Podfile.lock\" \"${PODS_ROOT}/Manifest.lock\" > /dev/null\nif [ $? != 0 ] ; then\n    # print error to STDERR\n    echo \"error: The sandbox is not in sync with the Podfile.lock. Run 'pod install' or update your CocoaPods installation.\" >&2\n    exit 1\nfi\n";
			showEnvVarsInLog = 0;
		};
		886B0042051094AD9C1E0E3D /* [CP] Embed Pods Frameworks */ = {
			isa = PBXShellScriptBuildPhase;
			buildActionMask = 2147483647;
			files = (
			);
			inputPaths = (
			);
			name = "[CP] Embed Pods Frameworks";
			outputPaths = (
			);
			runOnlyForDeploymentPostprocessing = 0;
			shellPath = /bin/sh;
			shellScript = "\"${SRCROOT}/Pods/Target Support Files/Pods-RSVPUITests/Pods-RSVPUITests-frameworks.sh\"\n";
			showEnvVarsInLog = 0;
		};
		9AED8995B33068904C6191C7 /* [CP] Embed Pods Frameworks */ = {
			isa = PBXShellScriptBuildPhase;
			buildActionMask = 2147483647;
			files = (
			);
			inputPaths = (
			);
			name = "[CP] Embed Pods Frameworks";
			outputPaths = (
			);
			runOnlyForDeploymentPostprocessing = 0;
			shellPath = /bin/sh;
			shellScript = "\"${SRCROOT}/Pods/Target Support Files/Pods-RSVPTests/Pods-RSVPTests-frameworks.sh\"\n";
			showEnvVarsInLog = 0;
		};
		D07B375D2DF9E14E09A7495D /* [CP] Copy Pods Resources */ = {
			isa = PBXShellScriptBuildPhase;
			buildActionMask = 2147483647;
			files = (
			);
			inputPaths = (
			);
			name = "[CP] Copy Pods Resources";
			outputPaths = (
			);
			runOnlyForDeploymentPostprocessing = 0;
			shellPath = /bin/sh;
			shellScript = "\"${SRCROOT}/Pods/Target Support Files/Pods-RSVPUITests/Pods-RSVPUITests-resources.sh\"\n";
			showEnvVarsInLog = 0;
		};
		D15A97CE1A937EB686D9D19F /* [CP] Copy Pods Resources */ = {
			isa = PBXShellScriptBuildPhase;
			buildActionMask = 2147483647;
			files = (
			);
			inputPaths = (
			);
			name = "[CP] Copy Pods Resources";
			outputPaths = (
			);
			runOnlyForDeploymentPostprocessing = 0;
			shellPath = /bin/sh;
			shellScript = "\"${SRCROOT}/Pods/Target Support Files/Pods-RSVPTests/Pods-RSVPTests-resources.sh\"\n";
			showEnvVarsInLog = 0;
		};
		D5F1DD55CC3026CFFB766376 /* [CP] Embed Pods Frameworks */ = {
			isa = PBXShellScriptBuildPhase;
			buildActionMask = 2147483647;
			files = (
			);
			inputPaths = (
			);
			name = "[CP] Embed Pods Frameworks";
			outputPaths = (
			);
			runOnlyForDeploymentPostprocessing = 0;
			shellPath = /bin/sh;
			shellScript = "\"${SRCROOT}/Pods/Target Support Files/Pods-RSVP/Pods-RSVP-frameworks.sh\"\n";
			showEnvVarsInLog = 0;
		};
/* End PBXShellScriptBuildPhase section */

/* Begin PBXSourcesBuildPhase section */
		FC3EF4281F2BB89F008D3BFD /* Sources */ = {
			isa = PBXSourcesBuildPhase;
			buildActionMask = 2147483647;
			files = (
				379B833A1F42C458001D1A2C /* MyProfileVC.m in Sources */,
				FC3EF48B1F2BD0C5008D3BFD /* LoginViewController.m in Sources */,
				373B29241F4F6773002C02B0 /* AgreementVC.m in Sources */,
				FCAE95C61F4DE746006936BA /* MVPlaceSearchTextField.m in Sources */,
				FC3EF46F1F2BBC45008D3BFD /* iCarousel.m in Sources */,
				FCAE95C81F4DE746006936BA /* PlaceObject.m in Sources */,
				FC3EF4971F2BD270008D3BFD /* DEMORootViewController.m in Sources */,
				37175B191F38D13900D6E535 /* ParkInVC.m in Sources */,
				37DD5A8B1F46BB3E0095F7E8 /* ScheduleCell.m in Sources */,
				37175B1F1F38D1DB00D6E535 /* ForgotPasswordVC.m in Sources */,
				FC3EF4341F2BB89F008D3BFD /* AppDelegate.m in Sources */,
				37018A0C1F4270CD00125B55 /* StreetParkingVC.m in Sources */,
				FC3EF4711F2BBC45008D3BFD /* Utils.m in Sources */,
				FC3EF4701F2BBC45008D3BFD /* UIImage+animatedGIF.m in Sources */,
				37AC9D7B1F442A0500751851 /* MyDrivewayListcell.m in Sources */,
				FC3EF49F1F2BDC08008D3BFD /* SideMenuTableViewCell.m in Sources */,
				37DD5A8F1F46BBFB0095F7E8 /* ScheduleVC.m in Sources */,
				379B833E1F42D74F001D1A2C /* MyProfileCell.m in Sources */,
				37175B231F38D24100D6E535 /* BidderVC.m in Sources */,
				378AE4511F38A7CA0037EE8B /* VehicalDetail.m in Sources */,
				37175B141F38D0D400D6E535 /* BillingDetailVC.m in Sources */,
				FC3EF4871F2BD01C008D3BFD /* SideMenuViewController.m in Sources */,
				37175B271F38D26400D6E535 /* BidVC.m in Sources */,
				37E0710C1F3B990900AB23F5 /* DriveWayInfoVC.m in Sources */,
				FC3EF4931F2BD169008D3BFD /* MapViewController.m in Sources */,
				FC3EF4311F2BB89F008D3BFD /* main.m in Sources */,
				FCAE95C71F4DE746006936BA /* PlaceDetail.m in Sources */,
				37AC9D7F1F442AD700751851 /* MyDrivewayList.m in Sources */,
				378BF9B71F4C07F400A32638 /* GoogleMapVC.m in Sources */,
				378AE4561F38A8540037EE8B /* PaymentVC.m in Sources */,
				FC3EF48F1F2BD126008D3BFD /* SignUpViewController.m in Sources */,
				371FE25C1F4A155E00AC4680 /* EditProfileVC.m in Sources */,
				37175B2D1F38E37800D6E535 /* BidderCell.m in Sources */,
				FCAE95C41F4DE746006936BA /* MLPAutoCompleteTextField.m in Sources */,
				371772851F403243001DC1D7 /* CarMakeCell.m in Sources */,
				FCAE95C51F4DE746006936BA /* NSString+Levenshtein.m in Sources */,
				FC3EF4A31F2BDDF1008D3BFD /* HomeViewController.m in Sources */,
				373B29271F4F6799002C02B0 /* ConfirmationVC.m in Sources */,
				371772891F406836001DC1D7 /* CustomAnnotation.m in Sources */,
				3717728C1F4070D2001DC1D7 /* PointAnnotation.m in Sources */,
			);
			runOnlyForDeploymentPostprocessing = 0;
		};
		FC3EF4411F2BB89F008D3BFD /* Sources */ = {
			isa = PBXSourcesBuildPhase;
			buildActionMask = 2147483647;
			files = (
				FC3EF44A1F2BB89F008D3BFD /* RSVPTests.m in Sources */,
			);
			runOnlyForDeploymentPostprocessing = 0;
		};
		FC3EF44C1F2BB89F008D3BFD /* Sources */ = {
			isa = PBXSourcesBuildPhase;
			buildActionMask = 2147483647;
			files = (
				FC3EF4551F2BB89F008D3BFD /* RSVPUITests.m in Sources */,
			);
			runOnlyForDeploymentPostprocessing = 0;
		};
/* End PBXSourcesBuildPhase section */

/* Begin PBXTargetDependency section */
		FC3EF4471F2BB89F008D3BFD /* PBXTargetDependency */ = {
			isa = PBXTargetDependency;
			target = FC3EF42B1F2BB89F008D3BFD /* RSVP */;
			targetProxy = FC3EF4461F2BB89F008D3BFD /* PBXContainerItemProxy */;
		};
		FC3EF4521F2BB89F008D3BFD /* PBXTargetDependency */ = {
			isa = PBXTargetDependency;
			target = FC3EF42B1F2BB89F008D3BFD /* RSVP */;
			targetProxy = FC3EF4511F2BB89F008D3BFD /* PBXContainerItemProxy */;
		};
/* End PBXTargetDependency section */

/* Begin PBXVariantGroup section */
		FC3EF4381F2BB89F008D3BFD /* Main.storyboard */ = {
			isa = PBXVariantGroup;
			children = (
				FC3EF4391F2BB89F008D3BFD /* Base */,
			);
			name = Main.storyboard;
			sourceTree = "<group>";
		};
		FC3EF43D1F2BB89F008D3BFD /* LaunchScreen.storyboard */ = {
			isa = PBXVariantGroup;
			children = (
				FC3EF43E1F2BB89F008D3BFD /* Base */,
			);
			name = LaunchScreen.storyboard;
			sourceTree = "<group>";
		};
/* End PBXVariantGroup section */

/* Begin XCBuildConfiguration section */
		FC3EF4571F2BB89F008D3BFD /* Debug */ = {
			isa = XCBuildConfiguration;
			buildSettings = {
				ALWAYS_SEARCH_USER_PATHS = NO;
				CLANG_ANALYZER_NONNULL = YES;
				CLANG_ANALYZER_NUMBER_OBJECT_CONVERSION = YES_AGGRESSIVE;
				CLANG_CXX_LANGUAGE_STANDARD = "gnu++0x";
				CLANG_CXX_LIBRARY = "libc++";
				CLANG_ENABLE_MODULES = YES;
				CLANG_ENABLE_OBJC_ARC = YES;
				CLANG_WARN_BOOL_CONVERSION = YES;
				CLANG_WARN_CONSTANT_CONVERSION = YES;
				CLANG_WARN_DIRECT_OBJC_ISA_USAGE = YES_ERROR;
				CLANG_WARN_DOCUMENTATION_COMMENTS = YES;
				CLANG_WARN_EMPTY_BODY = YES;
				CLANG_WARN_ENUM_CONVERSION = YES;
				CLANG_WARN_INFINITE_RECURSION = YES;
				CLANG_WARN_INT_CONVERSION = YES;
				CLANG_WARN_OBJC_ROOT_CLASS = YES_ERROR;
				CLANG_WARN_SUSPICIOUS_MOVE = YES;
				CLANG_WARN_UNREACHABLE_CODE = YES;
				CLANG_WARN__DUPLICATE_METHOD_MATCH = YES;
				"CODE_SIGN_IDENTITY[sdk=iphoneos*]" = "iPhone Developer";
				COPY_PHASE_STRIP = NO;
				DEBUG_INFORMATION_FORMAT = dwarf;
				ENABLE_STRICT_OBJC_MSGSEND = YES;
				ENABLE_TESTABILITY = YES;
				GCC_C_LANGUAGE_STANDARD = gnu99;
				GCC_DYNAMIC_NO_PIC = NO;
				GCC_NO_COMMON_BLOCKS = YES;
				GCC_OPTIMIZATION_LEVEL = 0;
				GCC_PREPROCESSOR_DEFINITIONS = (
					"DEBUG=1",
					"$(inherited)",
				);
				GCC_WARN_64_TO_32_BIT_CONVERSION = YES;
				GCC_WARN_ABOUT_RETURN_TYPE = YES_ERROR;
				GCC_WARN_UNDECLARED_SELECTOR = YES;
				GCC_WARN_UNINITIALIZED_AUTOS = YES_AGGRESSIVE;
				GCC_WARN_UNUSED_FUNCTION = YES;
				GCC_WARN_UNUSED_VARIABLE = YES;
				IPHONEOS_DEPLOYMENT_TARGET = 10.3;
				MTL_ENABLE_DEBUG_INFO = YES;
				ONLY_ACTIVE_ARCH = YES;
				SDKROOT = iphoneos;
				TARGETED_DEVICE_FAMILY = "1,2";
			};
			name = Debug;
		};
		FC3EF4581F2BB89F008D3BFD /* Release */ = {
			isa = XCBuildConfiguration;
			buildSettings = {
				ALWAYS_SEARCH_USER_PATHS = NO;
				CLANG_ANALYZER_NONNULL = YES;
				CLANG_ANALYZER_NUMBER_OBJECT_CONVERSION = YES_AGGRESSIVE;
				CLANG_CXX_LANGUAGE_STANDARD = "gnu++0x";
				CLANG_CXX_LIBRARY = "libc++";
				CLANG_ENABLE_MODULES = YES;
				CLANG_ENABLE_OBJC_ARC = YES;
				CLANG_WARN_BOOL_CONVERSION = YES;
				CLANG_WARN_CONSTANT_CONVERSION = YES;
				CLANG_WARN_DIRECT_OBJC_ISA_USAGE = YES_ERROR;
				CLANG_WARN_DOCUMENTATION_COMMENTS = YES;
				CLANG_WARN_EMPTY_BODY = YES;
				CLANG_WARN_ENUM_CONVERSION = YES;
				CLANG_WARN_INFINITE_RECURSION = YES;
				CLANG_WARN_INT_CONVERSION = YES;
				CLANG_WARN_OBJC_ROOT_CLASS = YES_ERROR;
				CLANG_WARN_SUSPICIOUS_MOVE = YES;
				CLANG_WARN_UNREACHABLE_CODE = YES;
				CLANG_WARN__DUPLICATE_METHOD_MATCH = YES;
				"CODE_SIGN_IDENTITY[sdk=iphoneos*]" = "iPhone Developer";
				COPY_PHASE_STRIP = NO;
				DEBUG_INFORMATION_FORMAT = "dwarf-with-dsym";
				ENABLE_NS_ASSERTIONS = NO;
				ENABLE_STRICT_OBJC_MSGSEND = YES;
				GCC_C_LANGUAGE_STANDARD = gnu99;
				GCC_NO_COMMON_BLOCKS = YES;
				GCC_WARN_64_TO_32_BIT_CONVERSION = YES;
				GCC_WARN_ABOUT_RETURN_TYPE = YES_ERROR;
				GCC_WARN_UNDECLARED_SELECTOR = YES;
				GCC_WARN_UNINITIALIZED_AUTOS = YES_AGGRESSIVE;
				GCC_WARN_UNUSED_FUNCTION = YES;
				GCC_WARN_UNUSED_VARIABLE = YES;
				IPHONEOS_DEPLOYMENT_TARGET = 10.3;
				MTL_ENABLE_DEBUG_INFO = NO;
				SDKROOT = iphoneos;
				TARGETED_DEVICE_FAMILY = "1,2";
				VALIDATE_PRODUCT = YES;
			};
			name = Release;
		};
		FC3EF45A1F2BB89F008D3BFD /* Debug */ = {
			isa = XCBuildConfiguration;
			baseConfigurationReference = 2548B349A7D5F75AF0604679 /* Pods-RSVP.debug.xcconfig */;
			buildSettings = {
				ASSETCATALOG_COMPILER_APPICON_NAME = AppIcon;
				DEVELOPMENT_TEAM = 96D398C43S;
				ENABLE_BITCODE = NO;
				FRAMEWORK_SEARCH_PATHS = (
					"$(inherited)",
					"$(PROJECT_DIR)",
					"$(PROJECT_DIR)/RSVP/Libraries",
				);
				GCC_PREFIX_HEADER = "RSVP/RSVP-Prefix.pch";
				INFOPLIST_FILE = RSVP/Info.plist;
				LD_RUNPATH_SEARCH_PATHS = "$(inherited) @executable_path/Frameworks";
				LIBRARY_SEARCH_PATHS = (
					"$(inherited)",
					"$(PROJECT_DIR)/RSVP/Libraries",
				);
				PRODUCT_BUNDLE_IDENTIFIER = com.rootflyinfo.RSVPTest;
				PRODUCT_NAME = "$(TARGET_NAME)";
			};
			name = Debug;
		};
		FC3EF45B1F2BB89F008D3BFD /* Release */ = {
			isa = XCBuildConfiguration;
			baseConfigurationReference = CBA8C3E50DD4BEBA21C52AB7 /* Pods-RSVP.release.xcconfig */;
			buildSettings = {
				ASSETCATALOG_COMPILER_APPICON_NAME = AppIcon;
				DEVELOPMENT_TEAM = 96D398C43S;
				ENABLE_BITCODE = NO;
				FRAMEWORK_SEARCH_PATHS = (
					"$(inherited)",
					"$(PROJECT_DIR)",
					"$(PROJECT_DIR)/RSVP/Libraries",
				);
				GCC_PREFIX_HEADER = "RSVP/RSVP-Prefix.pch";
				INFOPLIST_FILE = RSVP/Info.plist;
				LD_RUNPATH_SEARCH_PATHS = "$(inherited) @executable_path/Frameworks";
				LIBRARY_SEARCH_PATHS = (
					"$(inherited)",
					"$(PROJECT_DIR)/RSVP/Libraries",
				);
				PRODUCT_BUNDLE_IDENTIFIER = com.rootflyinfo.RSVPTest;
				PRODUCT_NAME = "$(TARGET_NAME)";
			};
			name = Release;
		};
		FC3EF45D1F2BB89F008D3BFD /* Debug */ = {
			isa = XCBuildConfiguration;
			baseConfigurationReference = A211F6819E2EBB1EBDC5ACCC /* Pods-RSVPTests.debug.xcconfig */;
			buildSettings = {
				BUNDLE_LOADER = "$(TEST_HOST)";
				DEVELOPMENT_TEAM = 96D398C43S;
				INFOPLIST_FILE = RSVPTests/Info.plist;
				LD_RUNPATH_SEARCH_PATHS = "$(inherited) @executable_path/Frameworks @loader_path/Frameworks";
				PRODUCT_BUNDLE_IDENTIFIER = com.rootflyinfo.RSVPTests;
				PRODUCT_NAME = "$(TARGET_NAME)";
				TEST_HOST = "$(BUILT_PRODUCTS_DIR)/RSVP.app/RSVP";
			};
			name = Debug;
		};
		FC3EF45E1F2BB89F008D3BFD /* Release */ = {
			isa = XCBuildConfiguration;
			baseConfigurationReference = 60DFA6E3516E671F9563A106 /* Pods-RSVPTests.release.xcconfig */;
			buildSettings = {
				BUNDLE_LOADER = "$(TEST_HOST)";
				DEVELOPMENT_TEAM = 96D398C43S;
				INFOPLIST_FILE = RSVPTests/Info.plist;
				LD_RUNPATH_SEARCH_PATHS = "$(inherited) @executable_path/Frameworks @loader_path/Frameworks";
				PRODUCT_BUNDLE_IDENTIFIER = com.rootflyinfo.RSVPTests;
				PRODUCT_NAME = "$(TARGET_NAME)";
				TEST_HOST = "$(BUILT_PRODUCTS_DIR)/RSVP.app/RSVP";
			};
			name = Release;
		};
		FC3EF4601F2BB89F008D3BFD /* Debug */ = {
			isa = XCBuildConfiguration;
			baseConfigurationReference = FC2A054CCD00A1F9AA7CF406 /* Pods-RSVPUITests.debug.xcconfig */;
			buildSettings = {
				DEVELOPMENT_TEAM = 96D398C43S;
				INFOPLIST_FILE = RSVPUITests/Info.plist;
				LD_RUNPATH_SEARCH_PATHS = "$(inherited) @executable_path/Frameworks @loader_path/Frameworks";
				PRODUCT_BUNDLE_IDENTIFIER = com.rootflyinfo.RSVPUITests;
				PRODUCT_NAME = "$(TARGET_NAME)";
				TEST_TARGET_NAME = RSVP;
			};
			name = Debug;
		};
		FC3EF4611F2BB89F008D3BFD /* Release */ = {
			isa = XCBuildConfiguration;
			baseConfigurationReference = A2B753B9767D936FFA4A66B4 /* Pods-RSVPUITests.release.xcconfig */;
			buildSettings = {
				DEVELOPMENT_TEAM = 96D398C43S;
				INFOPLIST_FILE = RSVPUITests/Info.plist;
				LD_RUNPATH_SEARCH_PATHS = "$(inherited) @executable_path/Frameworks @loader_path/Frameworks";
				PRODUCT_BUNDLE_IDENTIFIER = com.rootflyinfo.RSVPUITests;
				PRODUCT_NAME = "$(TARGET_NAME)";
				TEST_TARGET_NAME = RSVP;
			};
			name = Release;
		};
/* End XCBuildConfiguration section */

/* Begin XCConfigurationList section */
		FC3EF4271F2BB89F008D3BFD /* Build configuration list for PBXProject "RSVP" */ = {
			isa = XCConfigurationList;
			buildConfigurations = (
				FC3EF4571F2BB89F008D3BFD /* Debug */,
				FC3EF4581F2BB89F008D3BFD /* Release */,
			);
			defaultConfigurationIsVisible = 0;
			defaultConfigurationName = Release;
		};
		FC3EF4591F2BB89F008D3BFD /* Build configuration list for PBXNativeTarget "RSVP" */ = {
			isa = XCConfigurationList;
			buildConfigurations = (
				FC3EF45A1F2BB89F008D3BFD /* Debug */,
				FC3EF45B1F2BB89F008D3BFD /* Release */,
			);
			defaultConfigurationIsVisible = 0;
			defaultConfigurationName = Release;
		};
		FC3EF45C1F2BB89F008D3BFD /* Build configuration list for PBXNativeTarget "RSVPTests" */ = {
			isa = XCConfigurationList;
			buildConfigurations = (
				FC3EF45D1F2BB89F008D3BFD /* Debug */,
				FC3EF45E1F2BB89F008D3BFD /* Release */,
			);
			defaultConfigurationIsVisible = 0;
			defaultConfigurationName = Release;
		};
		FC3EF45F1F2BB89F008D3BFD /* Build configuration list for PBXNativeTarget "RSVPUITests" */ = {
			isa = XCConfigurationList;
			buildConfigurations = (
				FC3EF4601F2BB89F008D3BFD /* Debug */,
				FC3EF4611F2BB89F008D3BFD /* Release */,
			);
			defaultConfigurationIsVisible = 0;
			defaultConfigurationName = Release;
		};
/* End XCConfigurationList section */
	};
	rootObject = FC3EF4241F2BB89F008D3BFD /* Project object */;
}
