PODS:
  - AFNetworking (3.1.0):
    - AFNetworking/NSURLSession (= 3.1.0)
    - AFNetworking/Reachability (= 3.1.0)
    - AFNetworking/Security (= 3.1.0)
    - AFNetworking/Serialization (= 3.1.0)
    - AFNetworking/UIKit (= 3.1.0)
  - AFNetworking/NSURLSession (3.1.0):
    - AFNetworking/Reachability
    - AFNetworking/Security
    - AFNetworking/Serialization
  - AFNetworking/Reachability (3.1.0)
  - AFNetworking/Security (3.1.0)
  - AFNetworking/Serialization (3.1.0)
  - AFNetworking/UIKit (3.1.0):
    - AFNetworking/NSURLSession
  - AsyncImageView (1.6)
  - CLImageEditor (0.2.0):
    - CLImageEditor/Core (= 0.2.0)
  - CLImageEditor/Core (0.2.0)
  - DACircularProgress (2.3.1)
  - DatePickerDialog-ObjC (1.2)
  - GoogleMaps (2.4.0):
    - GoogleMaps/Maps (= 2.4.0)
  - GoogleMaps/Base (2.4.0)
  - GoogleMaps/Maps (2.4.0):
    - GoogleMaps/Base
  - GooglePlaces (2.4.0):
    - GoogleMaps/Base (= 2.4.0)
  - HCSStarRatingView (1.5)
  - IQKeyboardManager (4.0.13)
  - KLCPopup (1.0)
  - MBProgressHUD (0.9.2)
  - MWPhotoBrowser (2.1.2):
    - DACircularProgress (~> 2.3)
    - MBProgressHUD (~> 0.9)
    - SDWebImage (!= 3.7.2, ~> 3.7)
  - NTMonthYearPicker (1.0.0)
  - RESideMenu (4.0.7)
  - RMPScrollingMenuBarController (1.0.6)
  - SCLAlertView-Objective-C (1.1.2)
  - SDWebImage (3.8.2):
    - SDWebImage/Core (= 3.8.2)
  - SDWebImage/Core (3.8.2)
  - SingleLineInput (1.0.7)
  - SVProgressHUD (2.2.1)

DEPENDENCIES:
  - AFNetworking (~> 3.0)
  - AsyncImageView
  - CLImageEditor
  - DatePickerDialog-ObjC
  - GoogleMaps
  - GooglePlaces
  - HCSStarRatingView (~> 1.5)
  - IQKeyboardManager
  - KLCPopup
  - MWPhotoBrowser
  - NTMonthYearPicker
  - RESideMenu
  - RMPScrollingMenuBarController
  - SCLAlertView-Objective-C (~> 1.1)
  - SingleLineInput
  - SVProgressHUD

SPEC CHECKSUMS:
  AFNetworking: 5e0e199f73d8626b11e79750991f5d173d1f8b67
  AsyncImageView: 416e99402e5b1f20571de70ad619ced90f56a7d9
  CLImageEditor: ec5ae50b3a54c9818c0bdb243b20665a1c6718e3
  DACircularProgress: 4dd437c0fc3da5161cb289e07ac449493d41db71
  DatePickerDialog-ObjC: 63266ee38d3d7b8b7a3e03f7512693b940baaddd
  GoogleMaps: 8436ab5d1c25e36915b2f7416d0c8e3fa2e76c61
  GooglePlaces: aafe5990fa7951e98e078761bbdaaf236d7e0c65
  HCSStarRatingView: 1d18f79654735514cd6f00e6d90e38cb6320dc31
  IQKeyboardManager: 8eab4d8111418414619d1df8e4779ce5d0f8d7e2
  KLCPopup: 76c5a19227977f1e53d85236f9ef42257c168d98
  MBProgressHUD: 1569cf7ace17a8bac47aabfbb8580a49690386d1
  MWPhotoBrowser: 5836d7aa041dc05a13de380c246826578adc5ea5
  NTMonthYearPicker: 27e1739d6e29428628c8275a7c1a9e4835c352f4
  RESideMenu: f24c508404b49c667344c54aba7e590883533958
  RMPScrollingMenuBarController: d94726545e0289affb0440e9145bb7b544cf79b8
  SCLAlertView-Objective-C: 0e54351fa4f98a5c7c6ad3727e6dbb46784534e5
  SDWebImage: 098e97e6176540799c27e804c96653ee0833d13c
  SingleLineInput: 4def171b91a2325d315bc8896f952b83f9941666
  SVProgressHUD: db27c54e6e18bc903341661fc9feb55e04905cc4

PODFILE CHECKSUM: 0e0cc47e4b7745e2f52c7e9a245ed02ac5606f94

COCOAPODS: 1.2.1
